// !$*UTF8*$!
{
	archiveVersion = 1;
	classes = {
	};
	objectVersion = 46;
	objects = {

/* Begin PBXBuildFile section */
		77f2ed14c3d2ce9f41a2d6d1 /* drawMidiNotes.cpp in Sources */ = {isa = PBXBuildFile; fileRef = 26b24989cefa066c732ef343 /* drawMidiNotes.cpp */; };
		8421E923182BD2F80014914B /* MIDIFileReader.cpp in Sources */ = {isa = PBXBuildFile; fileRef = 8421E921182BD2F80014914B /* MIDIFileReader.cpp */; };
		84356782182C0C3700BDF087 /* GLUT.framework in CopyFiles */ = {isa = PBXBuildFile; fileRef = 84356780182C0C2800BDF087 /* GLUT.framework */; };
		84356783182C0C3D00BDF087 /* GLUT.framework in Frameworks */ = {isa = PBXBuildFile; fileRef = 84356780182C0C2800BDF087 /* GLUT.framework */; };
		84356784182C0C4E00BDF087 /* openFrameworksDebug.a in Frameworks */ = {isa = PBXBuildFile; fileRef = 8435677F182C0C0500BDF087 /* openFrameworksDebug.a */; };
		84B7D32F183B922F0004897E /* ofxBaseGui.cpp in Sources */ = {isa = PBXBuildFile; fileRef = 84B7D31E183B922F0004897E /* ofxBaseGui.cpp */; };
		84B7D330183B922F0004897E /* ofxButton.cpp in Sources */ = {isa = PBXBuildFile; fileRef = 84B7D320183B922F0004897E /* ofxButton.cpp */; };
		84B7D331183B922F0004897E /* ofxGuiGroup.cpp in Sources */ = {isa = PBXBuildFile; fileRef = 84B7D323183B922F0004897E /* ofxGuiGroup.cpp */; };
		84B7D332183B922F0004897E /* ofxLabel.cpp in Sources */ = {isa = PBXBuildFile; fileRef = 84B7D325183B922F0004897E /* ofxLabel.cpp */; };
		84B7D333183B922F0004897E /* ofxPanel.cpp in Sources */ = {isa = PBXBuildFile; fileRef = 84B7D327183B922F0004897E /* ofxPanel.cpp */; };
		84B7D334183B922F0004897E /* ofxSlider.cpp in Sources */ = {isa = PBXBuildFile; fileRef = 84B7D329183B922F0004897E /* ofxSlider.cpp */; };
		84B7D335183B922F0004897E /* ofxSliderGroup.cpp in Sources */ = {isa = PBXBuildFile; fileRef = 84B7D32B183B922F0004897E /* ofxSliderGroup.cpp */; };
		84B7D336183B922F0004897E /* ofxToggle.cpp in Sources */ = {isa = PBXBuildFile; fileRef = 84B7D32D183B922F0004897E /* ofxToggle.cpp */; };
		A813A5DD183D49B7002B3DA6 /* NoteBlock.cpp in Sources */ = {isa = PBXBuildFile; fileRef = A813A5DB183D49B7002B3DA6 /* NoteBlock.cpp */; };
		A813A64E183D7079002B3DA6 /* ofxTonicSynth.cpp in Sources */ = {isa = PBXBuildFile; fileRef = A813A5E3183D7078002B3DA6 /* ofxTonicSynth.cpp */; };
		A813A64F183D7079002B3DA6 /* ADSR.cpp in Sources */ = {isa = PBXBuildFile; fileRef = A813A5E6183D7078002B3DA6 /* ADSR.cpp */; };
		A813A650183D7079002B3DA6 /* Arithmetic.cpp in Sources */ = {isa = PBXBuildFile; fileRef = A813A5E8183D7078002B3DA6 /* Arithmetic.cpp */; };
		A813A651183D7079002B3DA6 /* BasicDelay.cpp in Sources */ = {isa = PBXBuildFile; fileRef = A813A5EA183D7078002B3DA6 /* BasicDelay.cpp */; };
		A813A652183D7079002B3DA6 /* BufferFiller.cpp in Sources */ = {isa = PBXBuildFile; fileRef = A813A5EC183D7078002B3DA6 /* BufferFiller.cpp */; };
		A813A653183D7079002B3DA6 /* CombFilter.cpp in Sources */ = {isa = PBXBuildFile; fileRef = A813A5EE183D7078002B3DA6 /* CombFilter.cpp */; };
		A813A654183D7079002B3DA6 /* CompressorLimiter.cpp in Sources */ = {isa = PBXBuildFile; fileRef = A813A5F0183D7078002B3DA6 /* CompressorLimiter.cpp */; };
		A813A655183D7079002B3DA6 /* ControlArithmetic.cpp in Sources */ = {isa = PBXBuildFile; fileRef = A813A5F2183D7078002B3DA6 /* ControlArithmetic.cpp */; };
		A813A656183D7079002B3DA6 /* ControlChangeNotifier.cpp in Sources */ = {isa = PBXBuildFile; fileRef = A813A5F4183D7078002B3DA6 /* ControlChangeNotifier.cpp */; };
		A813A657183D7079002B3DA6 /* ControlComparison.cpp in Sources */ = {isa = PBXBuildFile; fileRef = A813A5F6183D7078002B3DA6 /* ControlComparison.cpp */; };
		A813A658183D7079002B3DA6 /* ControlConditioner.cpp in Sources */ = {isa = PBXBuildFile; fileRef = A813A5F8183D7078002B3DA6 /* ControlConditioner.cpp */; };
		A813A659183D7079002B3DA6 /* ControlCounter.cpp in Sources */ = {isa = PBXBuildFile; fileRef = A813A5FA183D7079002B3DA6 /* ControlCounter.cpp */; };
		A813A65A183D7079002B3DA6 /* ControlDbToLinear.cpp in Sources */ = {isa = PBXBuildFile; fileRef = A813A5FC183D7079002B3DA6 /* ControlDbToLinear.cpp */; };
		A813A65B183D7079002B3DA6 /* ControlDelay.cpp in Sources */ = {isa = PBXBuildFile; fileRef = A813A5FE183D7079002B3DA6 /* ControlDelay.cpp */; };
		A813A65C183D7079002B3DA6 /* ControlFloor.cpp in Sources */ = {isa = PBXBuildFile; fileRef = A813A600183D7079002B3DA6 /* ControlFloor.cpp */; };
		A813A65D183D7079002B3DA6 /* ControlGenerator.cpp in Sources */ = {isa = PBXBuildFile; fileRef = A813A602183D7079002B3DA6 /* ControlGenerator.cpp */; };
		A813A65E183D7079002B3DA6 /* ControlMetro.cpp in Sources */ = {isa = PBXBuildFile; fileRef = A813A604183D7079002B3DA6 /* ControlMetro.cpp */; };
		A813A65F183D7079002B3DA6 /* ControlMetroDivider.cpp in Sources */ = {isa = PBXBuildFile; fileRef = A813A606183D7079002B3DA6 /* ControlMetroDivider.cpp */; };
		A813A660183D7079002B3DA6 /* ControlMidiToFreq.cpp in Sources */ = {isa = PBXBuildFile; fileRef = A813A608183D7079002B3DA6 /* ControlMidiToFreq.cpp */; };
		A813A661183D7079002B3DA6 /* ControlParameter.cpp in Sources */ = {isa = PBXBuildFile; fileRef = A813A60A183D7079002B3DA6 /* ControlParameter.cpp */; };
		A813A662183D7079002B3DA6 /* ControlPrinter.cpp in Sources */ = {isa = PBXBuildFile; fileRef = A813A60C183D7079002B3DA6 /* ControlPrinter.cpp */; };
		A813A663183D7079002B3DA6 /* ControlPulse.cpp in Sources */ = {isa = PBXBuildFile; fileRef = A813A60E183D7079002B3DA6 /* ControlPulse.cpp */; };
		A813A664183D7079002B3DA6 /* ControlRandom.cpp in Sources */ = {isa = PBXBuildFile; fileRef = A813A610183D7079002B3DA6 /* ControlRandom.cpp */; };
		A813A665183D7079002B3DA6 /* ControlRecorder.cpp in Sources */ = {isa = PBXBuildFile; fileRef = A813A612183D7079002B3DA6 /* ControlRecorder.cpp */; };
		A813A666183D7079002B3DA6 /* ControlSnapToScale.cpp in Sources */ = {isa = PBXBuildFile; fileRef = A813A614183D7079002B3DA6 /* ControlSnapToScale.cpp */; };
		A813A667183D7079002B3DA6 /* ControlStepper.cpp in Sources */ = {isa = PBXBuildFile; fileRef = A813A616183D7079002B3DA6 /* ControlStepper.cpp */; };
		A813A668183D7079002B3DA6 /* ControlSwitcher.cpp in Sources */ = {isa = PBXBuildFile; fileRef = A813A618183D7079002B3DA6 /* ControlSwitcher.cpp */; };
		A813A669183D7079002B3DA6 /* ControlTrigger.cpp in Sources */ = {isa = PBXBuildFile; fileRef = A813A61A183D7079002B3DA6 /* ControlTrigger.cpp */; };
		A813A66A183D7079002B3DA6 /* ControlValue.cpp in Sources */ = {isa = PBXBuildFile; fileRef = A813A61C183D7079002B3DA6 /* ControlValue.cpp */; };
		A813A66B183D7079002B3DA6 /* ControlXYSpeed.cpp in Sources */ = {isa = PBXBuildFile; fileRef = A813A61E183D7079002B3DA6 /* ControlXYSpeed.cpp */; };
		A813A66C183D7079002B3DA6 /* DelayUtils.cpp in Sources */ = {isa = PBXBuildFile; fileRef = A813A620183D7079002B3DA6 /* DelayUtils.cpp */; };
		A813A66D183D7079002B3DA6 /* Effect.cpp in Sources */ = {isa = PBXBuildFile; fileRef = A813A622183D7079002B3DA6 /* Effect.cpp */; };
		A813A66E183D7079002B3DA6 /* Filters.cpp in Sources */ = {isa = PBXBuildFile; fileRef = A813A624183D7079002B3DA6 /* Filters.cpp */; };
		A813A66F183D7079002B3DA6 /* FilterUtils.cpp in Sources */ = {isa = PBXBuildFile; fileRef = A813A626183D7079002B3DA6 /* FilterUtils.cpp */; };
		A813A670183D7079002B3DA6 /* FixedValue.cpp in Sources */ = {isa = PBXBuildFile; fileRef = A813A628183D7079002B3DA6 /* FixedValue.cpp */; };
		A813A671183D7079002B3DA6 /* Generator.cpp in Sources */ = {isa = PBXBuildFile; fileRef = A813A62A183D7079002B3DA6 /* Generator.cpp */; };
		A813A672183D7079002B3DA6 /* LFNoise.cpp in Sources */ = {isa = PBXBuildFile; fileRef = A813A62C183D7079002B3DA6 /* LFNoise.cpp */; };
		A813A673183D7079002B3DA6 /* Mixer.cpp in Sources */ = {isa = PBXBuildFile; fileRef = A813A62E183D7079002B3DA6 /* Mixer.cpp */; };
		A813A674183D7079002B3DA6 /* MonoToStereoPanner.cpp in Sources */ = {isa = PBXBuildFile; fileRef = A813A630183D7079002B3DA6 /* MonoToStereoPanner.cpp */; };
		A813A675183D7079002B3DA6 /* Noise.cpp in Sources */ = {isa = PBXBuildFile; fileRef = A813A632183D7079002B3DA6 /* Noise.cpp */; };
		A813A676183D7079002B3DA6 /* RampedValue.cpp in Sources */ = {isa = PBXBuildFile; fileRef = A813A634183D7079002B3DA6 /* RampedValue.cpp */; };
		A813A677183D7079002B3DA6 /* RectWave.cpp in Sources */ = {isa = PBXBuildFile; fileRef = A813A636183D7079002B3DA6 /* RectWave.cpp */; };
		A813A678183D7079002B3DA6 /* Reverb.cpp in Sources */ = {isa = PBXBuildFile; fileRef = A813A638183D7079002B3DA6 /* Reverb.cpp */; };
		A813A679183D7079002B3DA6 /* RingBuffer.cpp in Sources */ = {isa = PBXBuildFile; fileRef = A813A63A183D7079002B3DA6 /* RingBuffer.cpp */; };
		A813A67A183D7079002B3DA6 /* SampleTable.cpp in Sources */ = {isa = PBXBuildFile; fileRef = A813A63C183D7079002B3DA6 /* SampleTable.cpp */; };
		A813A67B183D7079002B3DA6 /* SawtoothWave.cpp in Sources */ = {isa = PBXBuildFile; fileRef = A813A63E183D7079002B3DA6 /* SawtoothWave.cpp */; };
		A813A67C183D7079002B3DA6 /* SineWave.cpp in Sources */ = {isa = PBXBuildFile; fileRef = A813A640183D7079002B3DA6 /* SineWave.cpp */; };
		A813A67D183D7079002B3DA6 /* StereoDelay.cpp in Sources */ = {isa = PBXBuildFile; fileRef = A813A643183D7079002B3DA6 /* StereoDelay.cpp */; };
		A813A67E183D7079002B3DA6 /* Synth.cpp in Sources */ = {isa = PBXBuildFile; fileRef = A813A645183D7079002B3DA6 /* Synth.cpp */; };
		A813A67F183D7079002B3DA6 /* TableLookupOsc.cpp in Sources */ = {isa = PBXBuildFile; fileRef = A813A647183D7079002B3DA6 /* TableLookupOsc.cpp */; };
		A813A680183D7079002B3DA6 /* TonicFrames.cpp in Sources */ = {isa = PBXBuildFile; fileRef = A813A64A183D7079002B3DA6 /* TonicFrames.cpp */; };
		A813A686183D82C9002B3DA6 /* PolySynth.cpp in Sources */ = {isa = PBXBuildFile; fileRef = A813A684183D82C9002B3DA6 /* PolySynth.cpp */; };
		E45BE97B0E8CC7DD009D7055 /* AGL.framework in Frameworks */ = {isa = PBXBuildFile; fileRef = E45BE9710E8CC7DD009D7055 /* AGL.framework */; };
		E45BE97C0E8CC7DD009D7055 /* ApplicationServices.framework in Frameworks */ = {isa = PBXBuildFile; fileRef = E45BE9720E8CC7DD009D7055 /* ApplicationServices.framework */; };
		E45BE97D0E8CC7DD009D7055 /* AudioToolbox.framework in Frameworks */ = {isa = PBXBuildFile; fileRef = E45BE9730E8CC7DD009D7055 /* AudioToolbox.framework */; };
		E45BE97E0E8CC7DD009D7055 /* Carbon.framework in Frameworks */ = {isa = PBXBuildFile; fileRef = E45BE9740E8CC7DD009D7055 /* Carbon.framework */; };
		E45BE97F0E8CC7DD009D7055 /* CoreAudio.framework in Frameworks */ = {isa = PBXBuildFile; fileRef = E45BE9750E8CC7DD009D7055 /* CoreAudio.framework */; };
		E45BE9800E8CC7DD009D7055 /* CoreFoundation.framework in Frameworks */ = {isa = PBXBuildFile; fileRef = E45BE9760E8CC7DD009D7055 /* CoreFoundation.framework */; };
		E45BE9810E8CC7DD009D7055 /* CoreServices.framework in Frameworks */ = {isa = PBXBuildFile; fileRef = E45BE9770E8CC7DD009D7055 /* CoreServices.framework */; };
		E45BE9830E8CC7DD009D7055 /* OpenGL.framework in Frameworks */ = {isa = PBXBuildFile; fileRef = E45BE9790E8CC7DD009D7055 /* OpenGL.framework */; };
		E45BE9840E8CC7DD009D7055 /* QuickTime.framework in Frameworks */ = {isa = PBXBuildFile; fileRef = E45BE97A0E8CC7DD009D7055 /* QuickTime.framework */; };
		E4B69E200A3A1BDC003C02F2 /* main.cpp in Sources */ = {isa = PBXBuildFile; fileRef = E4B69E1D0A3A1BDC003C02F2 /* main.cpp */; };
		E4B69E210A3A1BDC003C02F2 /* testApp.cpp in Sources */ = {isa = PBXBuildFile; fileRef = E4B69E1E0A3A1BDC003C02F2 /* testApp.cpp */; };
		E4C2424710CC5A17004149E2 /* AppKit.framework in Frameworks */ = {isa = PBXBuildFile; fileRef = E4C2424410CC5A17004149E2 /* AppKit.framework */; };
		E4C2424810CC5A17004149E2 /* Cocoa.framework in Frameworks */ = {isa = PBXBuildFile; fileRef = E4C2424510CC5A17004149E2 /* Cocoa.framework */; };
		E4C2424910CC5A17004149E2 /* IOKit.framework in Frameworks */ = {isa = PBXBuildFile; fileRef = E4C2424610CC5A17004149E2 /* IOKit.framework */; };
		E7E077E515D3B63C0020DFD4 /* CoreVideo.framework in Frameworks */ = {isa = PBXBuildFile; fileRef = E7E077E415D3B63C0020DFD4 /* CoreVideo.framework */; };
		E7E077E815D3B6510020DFD4 /* QTKit.framework in Frameworks */ = {isa = PBXBuildFile; fileRef = E7E077E715D3B6510020DFD4 /* QTKit.framework */; };
		E7F985F815E0DEA3003869B5 /* Accelerate.framework in Frameworks */ = {isa = PBXBuildFile; fileRef = E7F985F515E0DE99003869B5 /* Accelerate.framework */; };
		df276444c8b415b79aaaef84 /* DynamicVector.cpp in Sources */ = {isa = PBXBuildFile; fileRef = 23231d5b9bfa976ec334f601 /* DynamicVector.cpp */; };
		e0991cbe1ec91b9322ac8366 /* midiEventHolder.cpp in Sources */ = {isa = PBXBuildFile; fileRef = b6b1881c95c600c095c833a8 /* midiEventHolder.cpp */; };
/* End PBXBuildFile section */

/* Begin PBXContainerItemProxy section */
		8435677E182C0C0500BDF087 /* PBXContainerItemProxy */ = {
			isa = PBXContainerItemProxy;
			containerPortal = E4328143138ABC890047C5CB /* openFrameworksLib.xcodeproj */;
			proxyType = 2;
			remoteGlobalIDString = E4B27C1510CBEB8E00536013;
			remoteInfo = openFrameworks;
		};
/* End PBXContainerItemProxy section */

/* Begin PBXCopyFilesBuildPhase section */
		E4C2427710CC5ABF004149E2 /* CopyFiles */ = {
			isa = PBXCopyFilesBuildPhase;
			buildActionMask = 2147483647;
			dstPath = "";
			dstSubfolderSpec = 10;
			files = (
				84356782182C0C3700BDF087 /* GLUT.framework in CopyFiles */,
			);
			runOnlyForDeploymentPostprocessing = 0;
		};
/* End PBXCopyFilesBuildPhase section */

/* Begin PBXFileReference section */
		23231d5b9bfa976ec334f601 /* DynamicVector.cpp */ = {isa = PBXFileReference; explicitFileType = sourcecode.cpp.cpp; fileEncoding = 30; name = DynamicVector.cpp; path = src/DynamicVector.cpp; sourceTree = SOURCE_ROOT; };
		26b24989cefa066c732ef343 /* drawMidiNotes.cpp */ = {isa = PBXFileReference; explicitFileType = sourcecode.cpp.cpp; fileEncoding = 30; name = drawMidiNotes.cpp; path = src/drawMidiNotes.cpp; sourceTree = SOURCE_ROOT; };
		8421E91F182BD2F80014914B /* MIDIComposition.h */ = {isa = PBXFileReference; fileEncoding = 4; lastKnownFileType = sourcecode.c.h; path = MIDIComposition.h; sourceTree = "<group>"; };
		8421E920182BD2F80014914B /* MIDIEvent.h */ = {isa = PBXFileReference; fileEncoding = 4; lastKnownFileType = sourcecode.c.h; path = MIDIEvent.h; sourceTree = "<group>"; };
		8421E921182BD2F80014914B /* MIDIFileReader.cpp */ = {isa = PBXFileReference; fileEncoding = 4; lastKnownFileType = sourcecode.cpp.cpp; path = MIDIFileReader.cpp; sourceTree = "<group>"; };
		8421E922182BD2F80014914B /* MIDIFileReader.h */ = {isa = PBXFileReference; fileEncoding = 4; lastKnownFileType = sourcecode.c.h; path = MIDIFileReader.h; sourceTree = "<group>"; };
		84356780182C0C2800BDF087 /* GLUT.framework */ = {isa = PBXFileReference; lastKnownFileType = wrapper.framework; name = GLUT.framework; path = ../../../openFrameworks/libs/glut/lib/osx/GLUT.framework; sourceTree = "<group>"; };
		84B7D31E183B922F0004897E /* ofxBaseGui.cpp */ = {isa = PBXFileReference; fileEncoding = 4; lastKnownFileType = sourcecode.cpp.cpp; path = ofxBaseGui.cpp; sourceTree = "<group>"; };
		84B7D31F183B922F0004897E /* ofxBaseGui.h */ = {isa = PBXFileReference; fileEncoding = 4; lastKnownFileType = sourcecode.c.h; path = ofxBaseGui.h; sourceTree = "<group>"; };
		84B7D320183B922F0004897E /* ofxButton.cpp */ = {isa = PBXFileReference; fileEncoding = 4; lastKnownFileType = sourcecode.cpp.cpp; path = ofxButton.cpp; sourceTree = "<group>"; };
		84B7D321183B922F0004897E /* ofxButton.h */ = {isa = PBXFileReference; fileEncoding = 4; lastKnownFileType = sourcecode.c.h; path = ofxButton.h; sourceTree = "<group>"; };
		84B7D322183B922F0004897E /* ofxGui.h */ = {isa = PBXFileReference; fileEncoding = 4; lastKnownFileType = sourcecode.c.h; path = ofxGui.h; sourceTree = "<group>"; };
		84B7D323183B922F0004897E /* ofxGuiGroup.cpp */ = {isa = PBXFileReference; fileEncoding = 4; lastKnownFileType = sourcecode.cpp.cpp; path = ofxGuiGroup.cpp; sourceTree = "<group>"; };
		84B7D324183B922F0004897E /* ofxGuiGroup.h */ = {isa = PBXFileReference; fileEncoding = 4; lastKnownFileType = sourcecode.c.h; path = ofxGuiGroup.h; sourceTree = "<group>"; };
		84B7D325183B922F0004897E /* ofxLabel.cpp */ = {isa = PBXFileReference; fileEncoding = 4; lastKnownFileType = sourcecode.cpp.cpp; path = ofxLabel.cpp; sourceTree = "<group>"; };
		84B7D326183B922F0004897E /* ofxLabel.h */ = {isa = PBXFileReference; fileEncoding = 4; lastKnownFileType = sourcecode.c.h; path = ofxLabel.h; sourceTree = "<group>"; };
		84B7D327183B922F0004897E /* ofxPanel.cpp */ = {isa = PBXFileReference; fileEncoding = 4; lastKnownFileType = sourcecode.cpp.cpp; path = ofxPanel.cpp; sourceTree = "<group>"; };
		84B7D328183B922F0004897E /* ofxPanel.h */ = {isa = PBXFileReference; fileEncoding = 4; lastKnownFileType = sourcecode.c.h; path = ofxPanel.h; sourceTree = "<group>"; };
		84B7D329183B922F0004897E /* ofxSlider.cpp */ = {isa = PBXFileReference; fileEncoding = 4; lastKnownFileType = sourcecode.cpp.cpp; path = ofxSlider.cpp; sourceTree = "<group>"; };
		84B7D32A183B922F0004897E /* ofxSlider.h */ = {isa = PBXFileReference; fileEncoding = 4; lastKnownFileType = sourcecode.c.h; path = ofxSlider.h; sourceTree = "<group>"; };
		84B7D32B183B922F0004897E /* ofxSliderGroup.cpp */ = {isa = PBXFileReference; fileEncoding = 4; lastKnownFileType = sourcecode.cpp.cpp; path = ofxSliderGroup.cpp; sourceTree = "<group>"; };
		84B7D32C183B922F0004897E /* ofxSliderGroup.h */ = {isa = PBXFileReference; fileEncoding = 4; lastKnownFileType = sourcecode.c.h; path = ofxSliderGroup.h; sourceTree = "<group>"; };
		84B7D32D183B922F0004897E /* ofxToggle.cpp */ = {isa = PBXFileReference; fileEncoding = 4; lastKnownFileType = sourcecode.cpp.cpp; path = ofxToggle.cpp; sourceTree = "<group>"; };
		84B7D32E183B922F0004897E /* ofxToggle.h */ = {isa = PBXFileReference; fileEncoding = 4; lastKnownFileType = sourcecode.c.h; path = ofxToggle.h; sourceTree = "<group>"; };
		A813A5DB183D49B7002B3DA6 /* NoteBlock.cpp */ = {isa = PBXFileReference; fileEncoding = 4; lastKnownFileType = sourcecode.cpp.cpp; path = NoteBlock.cpp; sourceTree = "<group>"; };
		A813A5DC183D49B7002B3DA6 /* NoteBlock.h */ = {isa = PBXFileReference; fileEncoding = 4; lastKnownFileType = sourcecode.c.h; path = NoteBlock.h; sourceTree = "<group>"; };
		A813A5E0183D7078002B3DA6 /* .gitignore */ = {isa = PBXFileReference; fileEncoding = 4; lastKnownFileType = text; path = .gitignore; sourceTree = "<group>"; };
		A813A5E2183D7078002B3DA6 /* ofxTonic.h */ = {isa = PBXFileReference; fileEncoding = 4; lastKnownFileType = sourcecode.c.h; path = ofxTonic.h; sourceTree = "<group>"; };
		A813A5E3183D7078002B3DA6 /* ofxTonicSynth.cpp */ = {isa = PBXFileReference; fileEncoding = 4; lastKnownFileType = sourcecode.cpp.cpp; path = ofxTonicSynth.cpp; sourceTree = "<group>"; };
		A813A5E4183D7078002B3DA6 /* ofxTonicSynth.h */ = {isa = PBXFileReference; fileEncoding = 4; lastKnownFileType = sourcecode.c.h; path = ofxTonicSynth.h; sourceTree = "<group>"; };
		A813A5E6183D7078002B3DA6 /* ADSR.cpp */ = {isa = PBXFileReference; fileEncoding = 4; lastKnownFileType = sourcecode.cpp.cpp; path = ADSR.cpp; sourceTree = "<group>"; };
		A813A5E7183D7078002B3DA6 /* ADSR.h */ = {isa = PBXFileReference; fileEncoding = 4; lastKnownFileType = sourcecode.c.h; path = ADSR.h; sourceTree = "<group>"; };
		A813A5E8183D7078002B3DA6 /* Arithmetic.cpp */ = {isa = PBXFileReference; fileEncoding = 4; lastKnownFileType = sourcecode.cpp.cpp; path = Arithmetic.cpp; sourceTree = "<group>"; };
		A813A5E9183D7078002B3DA6 /* Arithmetic.h */ = {isa = PBXFileReference; fileEncoding = 4; lastKnownFileType = sourcecode.c.h; path = Arithmetic.h; sourceTree = "<group>"; };
		A813A5EA183D7078002B3DA6 /* BasicDelay.cpp */ = {isa = PBXFileReference; fileEncoding = 4; lastKnownFileType = sourcecode.cpp.cpp; path = BasicDelay.cpp; sourceTree = "<group>"; };
		A813A5EB183D7078002B3DA6 /* BasicDelay.h */ = {isa = PBXFileReference; fileEncoding = 4; lastKnownFileType = sourcecode.c.h; path = BasicDelay.h; sourceTree = "<group>"; };
		A813A5EC183D7078002B3DA6 /* BufferFiller.cpp */ = {isa = PBXFileReference; fileEncoding = 4; lastKnownFileType = sourcecode.cpp.cpp; path = BufferFiller.cpp; sourceTree = "<group>"; };
		A813A5ED183D7078002B3DA6 /* BufferFiller.h */ = {isa = PBXFileReference; fileEncoding = 4; lastKnownFileType = sourcecode.c.h; path = BufferFiller.h; sourceTree = "<group>"; };
		A813A5EE183D7078002B3DA6 /* CombFilter.cpp */ = {isa = PBXFileReference; fileEncoding = 4; lastKnownFileType = sourcecode.cpp.cpp; path = CombFilter.cpp; sourceTree = "<group>"; };
		A813A5EF183D7078002B3DA6 /* CombFilter.h */ = {isa = PBXFileReference; fileEncoding = 4; lastKnownFileType = sourcecode.c.h; path = CombFilter.h; sourceTree = "<group>"; };
		A813A5F0183D7078002B3DA6 /* CompressorLimiter.cpp */ = {isa = PBXFileReference; fileEncoding = 4; lastKnownFileType = sourcecode.cpp.cpp; path = CompressorLimiter.cpp; sourceTree = "<group>"; };
		A813A5F1183D7078002B3DA6 /* CompressorLimiter.h */ = {isa = PBXFileReference; fileEncoding = 4; lastKnownFileType = sourcecode.c.h; path = CompressorLimiter.h; sourceTree = "<group>"; };
		A813A5F2183D7078002B3DA6 /* ControlArithmetic.cpp */ = {isa = PBXFileReference; fileEncoding = 4; lastKnownFileType = sourcecode.cpp.cpp; path = ControlArithmetic.cpp; sourceTree = "<group>"; };
		A813A5F3183D7078002B3DA6 /* ControlArithmetic.h */ = {isa = PBXFileReference; fileEncoding = 4; lastKnownFileType = sourcecode.c.h; path = ControlArithmetic.h; sourceTree = "<group>"; };
		A813A5F4183D7078002B3DA6 /* ControlChangeNotifier.cpp */ = {isa = PBXFileReference; fileEncoding = 4; lastKnownFileType = sourcecode.cpp.cpp; path = ControlChangeNotifier.cpp; sourceTree = "<group>"; };
		A813A5F5183D7078002B3DA6 /* ControlChangeNotifier.h */ = {isa = PBXFileReference; fileEncoding = 4; lastKnownFileType = sourcecode.c.h; path = ControlChangeNotifier.h; sourceTree = "<group>"; };
		A813A5F6183D7078002B3DA6 /* ControlComparison.cpp */ = {isa = PBXFileReference; fileEncoding = 4; lastKnownFileType = sourcecode.cpp.cpp; path = ControlComparison.cpp; sourceTree = "<group>"; };
		A813A5F7183D7078002B3DA6 /* ControlComparison.h */ = {isa = PBXFileReference; fileEncoding = 4; lastKnownFileType = sourcecode.c.h; path = ControlComparison.h; sourceTree = "<group>"; };
		A813A5F8183D7078002B3DA6 /* ControlConditioner.cpp */ = {isa = PBXFileReference; fileEncoding = 4; lastKnownFileType = sourcecode.cpp.cpp; path = ControlConditioner.cpp; sourceTree = "<group>"; };
		A813A5F9183D7078002B3DA6 /* ControlConditioner.h */ = {isa = PBXFileReference; fileEncoding = 4; lastKnownFileType = sourcecode.c.h; path = ControlConditioner.h; sourceTree = "<group>"; };
		A813A5FA183D7079002B3DA6 /* ControlCounter.cpp */ = {isa = PBXFileReference; fileEncoding = 4; lastKnownFileType = sourcecode.cpp.cpp; path = ControlCounter.cpp; sourceTree = "<group>"; };
		A813A5FB183D7079002B3DA6 /* ControlCounter.h */ = {isa = PBXFileReference; fileEncoding = 4; lastKnownFileType = sourcecode.c.h; path = ControlCounter.h; sourceTree = "<group>"; };
		A813A5FC183D7079002B3DA6 /* ControlDbToLinear.cpp */ = {isa = PBXFileReference; fileEncoding = 4; lastKnownFileType = sourcecode.cpp.cpp; path = ControlDbToLinear.cpp; sourceTree = "<group>"; };
		A813A5FD183D7079002B3DA6 /* ControlDbToLinear.h */ = {isa = PBXFileReference; fileEncoding = 4; lastKnownFileType = sourcecode.c.h; path = ControlDbToLinear.h; sourceTree = "<group>"; };
		A813A5FE183D7079002B3DA6 /* ControlDelay.cpp */ = {isa = PBXFileReference; fileEncoding = 4; lastKnownFileType = sourcecode.cpp.cpp; path = ControlDelay.cpp; sourceTree = "<group>"; };
		A813A5FF183D7079002B3DA6 /* ControlDelay.h */ = {isa = PBXFileReference; fileEncoding = 4; lastKnownFileType = sourcecode.c.h; path = ControlDelay.h; sourceTree = "<group>"; };
		A813A600183D7079002B3DA6 /* ControlFloor.cpp */ = {isa = PBXFileReference; fileEncoding = 4; lastKnownFileType = sourcecode.cpp.cpp; path = ControlFloor.cpp; sourceTree = "<group>"; };
		A813A601183D7079002B3DA6 /* ControlFloor.h */ = {isa = PBXFileReference; fileEncoding = 4; lastKnownFileType = sourcecode.c.h; path = ControlFloor.h; sourceTree = "<group>"; };
		A813A602183D7079002B3DA6 /* ControlGenerator.cpp */ = {isa = PBXFileReference; fileEncoding = 4; lastKnownFileType = sourcecode.cpp.cpp; path = ControlGenerator.cpp; sourceTree = "<group>"; };
		A813A603183D7079002B3DA6 /* ControlGenerator.h */ = {isa = PBXFileReference; fileEncoding = 4; lastKnownFileType = sourcecode.c.h; path = ControlGenerator.h; sourceTree = "<group>"; };
		A813A604183D7079002B3DA6 /* ControlMetro.cpp */ = {isa = PBXFileReference; fileEncoding = 4; lastKnownFileType = sourcecode.cpp.cpp; path = ControlMetro.cpp; sourceTree = "<group>"; };
		A813A605183D7079002B3DA6 /* ControlMetro.h */ = {isa = PBXFileReference; fileEncoding = 4; lastKnownFileType = sourcecode.c.h; path = ControlMetro.h; sourceTree = "<group>"; };
		A813A606183D7079002B3DA6 /* ControlMetroDivider.cpp */ = {isa = PBXFileReference; fileEncoding = 4; lastKnownFileType = sourcecode.cpp.cpp; path = ControlMetroDivider.cpp; sourceTree = "<group>"; };
		A813A607183D7079002B3DA6 /* ControlMetroDivider.h */ = {isa = PBXFileReference; fileEncoding = 4; lastKnownFileType = sourcecode.c.h; path = ControlMetroDivider.h; sourceTree = "<group>"; };
		A813A608183D7079002B3DA6 /* ControlMidiToFreq.cpp */ = {isa = PBXFileReference; fileEncoding = 4; lastKnownFileType = sourcecode.cpp.cpp; path = ControlMidiToFreq.cpp; sourceTree = "<group>"; };
		A813A609183D7079002B3DA6 /* ControlMidiToFreq.h */ = {isa = PBXFileReference; fileEncoding = 4; lastKnownFileType = sourcecode.c.h; path = ControlMidiToFreq.h; sourceTree = "<group>"; };
		A813A60A183D7079002B3DA6 /* ControlParameter.cpp */ = {isa = PBXFileReference; fileEncoding = 4; lastKnownFileType = sourcecode.cpp.cpp; path = ControlParameter.cpp; sourceTree = "<group>"; };
		A813A60B183D7079002B3DA6 /* ControlParameter.h */ = {isa = PBXFileReference; fileEncoding = 4; lastKnownFileType = sourcecode.c.h; path = ControlParameter.h; sourceTree = "<group>"; };
		A813A60C183D7079002B3DA6 /* ControlPrinter.cpp */ = {isa = PBXFileReference; fileEncoding = 4; lastKnownFileType = sourcecode.cpp.cpp; path = ControlPrinter.cpp; sourceTree = "<group>"; };
		A813A60D183D7079002B3DA6 /* ControlPrinter.h */ = {isa = PBXFileReference; fileEncoding = 4; lastKnownFileType = sourcecode.c.h; path = ControlPrinter.h; sourceTree = "<group>"; };
		A813A60E183D7079002B3DA6 /* ControlPulse.cpp */ = {isa = PBXFileReference; fileEncoding = 4; lastKnownFileType = sourcecode.cpp.cpp; path = ControlPulse.cpp; sourceTree = "<group>"; };
		A813A60F183D7079002B3DA6 /* ControlPulse.h */ = {isa = PBXFileReference; fileEncoding = 4; lastKnownFileType = sourcecode.c.h; path = ControlPulse.h; sourceTree = "<group>"; };
		A813A610183D7079002B3DA6 /* ControlRandom.cpp */ = {isa = PBXFileReference; fileEncoding = 4; lastKnownFileType = sourcecode.cpp.cpp; path = ControlRandom.cpp; sourceTree = "<group>"; };
		A813A611183D7079002B3DA6 /* ControlRandom.h */ = {isa = PBXFileReference; fileEncoding = 4; lastKnownFileType = sourcecode.c.h; path = ControlRandom.h; sourceTree = "<group>"; };
		A813A612183D7079002B3DA6 /* ControlRecorder.cpp */ = {isa = PBXFileReference; fileEncoding = 4; lastKnownFileType = sourcecode.cpp.cpp; path = ControlRecorder.cpp; sourceTree = "<group>"; };
		A813A613183D7079002B3DA6 /* ControlRecorder.h */ = {isa = PBXFileReference; fileEncoding = 4; lastKnownFileType = sourcecode.c.h; path = ControlRecorder.h; sourceTree = "<group>"; };
		A813A614183D7079002B3DA6 /* ControlSnapToScale.cpp */ = {isa = PBXFileReference; fileEncoding = 4; lastKnownFileType = sourcecode.cpp.cpp; path = ControlSnapToScale.cpp; sourceTree = "<group>"; };
		A813A615183D7079002B3DA6 /* ControlSnapToScale.h */ = {isa = PBXFileReference; fileEncoding = 4; lastKnownFileType = sourcecode.c.h; path = ControlSnapToScale.h; sourceTree = "<group>"; };
		A813A616183D7079002B3DA6 /* ControlStepper.cpp */ = {isa = PBXFileReference; fileEncoding = 4; lastKnownFileType = sourcecode.cpp.cpp; path = ControlStepper.cpp; sourceTree = "<group>"; };
		A813A617183D7079002B3DA6 /* ControlStepper.h */ = {isa = PBXFileReference; fileEncoding = 4; lastKnownFileType = sourcecode.c.h; path = ControlStepper.h; sourceTree = "<group>"; };
		A813A618183D7079002B3DA6 /* ControlSwitcher.cpp */ = {isa = PBXFileReference; fileEncoding = 4; lastKnownFileType = sourcecode.cpp.cpp; path = ControlSwitcher.cpp; sourceTree = "<group>"; };
		A813A619183D7079002B3DA6 /* ControlSwitcher.h */ = {isa = PBXFileReference; fileEncoding = 4; lastKnownFileType = sourcecode.c.h; path = ControlSwitcher.h; sourceTree = "<group>"; };
		A813A61A183D7079002B3DA6 /* ControlTrigger.cpp */ = {isa = PBXFileReference; fileEncoding = 4; lastKnownFileType = sourcecode.cpp.cpp; path = ControlTrigger.cpp; sourceTree = "<group>"; };
		A813A61B183D7079002B3DA6 /* ControlTrigger.h */ = {isa = PBXFileReference; fileEncoding = 4; lastKnownFileType = sourcecode.c.h; path = ControlTrigger.h; sourceTree = "<group>"; };
		A813A61C183D7079002B3DA6 /* ControlValue.cpp */ = {isa = PBXFileReference; fileEncoding = 4; lastKnownFileType = sourcecode.cpp.cpp; path = ControlValue.cpp; sourceTree = "<group>"; };
		A813A61D183D7079002B3DA6 /* ControlValue.h */ = {isa = PBXFileReference; fileEncoding = 4; lastKnownFileType = sourcecode.c.h; path = ControlValue.h; sourceTree = "<group>"; };
		A813A61E183D7079002B3DA6 /* ControlXYSpeed.cpp */ = {isa = PBXFileReference; fileEncoding = 4; lastKnownFileType = sourcecode.cpp.cpp; path = ControlXYSpeed.cpp; sourceTree = "<group>"; };
		A813A61F183D7079002B3DA6 /* ControlXYSpeed.h */ = {isa = PBXFileReference; fileEncoding = 4; lastKnownFileType = sourcecode.c.h; path = ControlXYSpeed.h; sourceTree = "<group>"; };
		A813A620183D7079002B3DA6 /* DelayUtils.cpp */ = {isa = PBXFileReference; fileEncoding = 4; lastKnownFileType = sourcecode.cpp.cpp; path = DelayUtils.cpp; sourceTree = "<group>"; };
		A813A621183D7079002B3DA6 /* DelayUtils.h */ = {isa = PBXFileReference; fileEncoding = 4; lastKnownFileType = sourcecode.c.h; path = DelayUtils.h; sourceTree = "<group>"; };
		A813A622183D7079002B3DA6 /* Effect.cpp */ = {isa = PBXFileReference; fileEncoding = 4; lastKnownFileType = sourcecode.cpp.cpp; path = Effect.cpp; sourceTree = "<group>"; };
		A813A623183D7079002B3DA6 /* Effect.h */ = {isa = PBXFileReference; fileEncoding = 4; lastKnownFileType = sourcecode.c.h; path = Effect.h; sourceTree = "<group>"; };
		A813A624183D7079002B3DA6 /* Filters.cpp */ = {isa = PBXFileReference; fileEncoding = 4; lastKnownFileType = sourcecode.cpp.cpp; path = Filters.cpp; sourceTree = "<group>"; };
		A813A625183D7079002B3DA6 /* Filters.h */ = {isa = PBXFileReference; fileEncoding = 4; lastKnownFileType = sourcecode.c.h; path = Filters.h; sourceTree = "<group>"; };
		A813A626183D7079002B3DA6 /* FilterUtils.cpp */ = {isa = PBXFileReference; fileEncoding = 4; lastKnownFileType = sourcecode.cpp.cpp; path = FilterUtils.cpp; sourceTree = "<group>"; };
		A813A627183D7079002B3DA6 /* FilterUtils.h */ = {isa = PBXFileReference; fileEncoding = 4; lastKnownFileType = sourcecode.c.h; path = FilterUtils.h; sourceTree = "<group>"; };
		A813A628183D7079002B3DA6 /* FixedValue.cpp */ = {isa = PBXFileReference; fileEncoding = 4; lastKnownFileType = sourcecode.cpp.cpp; path = FixedValue.cpp; sourceTree = "<group>"; };
		A813A629183D7079002B3DA6 /* FixedValue.h */ = {isa = PBXFileReference; fileEncoding = 4; lastKnownFileType = sourcecode.c.h; path = FixedValue.h; sourceTree = "<group>"; };
		A813A62A183D7079002B3DA6 /* Generator.cpp */ = {isa = PBXFileReference; fileEncoding = 4; lastKnownFileType = sourcecode.cpp.cpp; path = Generator.cpp; sourceTree = "<group>"; };
		A813A62B183D7079002B3DA6 /* Generator.h */ = {isa = PBXFileReference; fileEncoding = 4; lastKnownFileType = sourcecode.c.h; path = Generator.h; sourceTree = "<group>"; };
		A813A62C183D7079002B3DA6 /* LFNoise.cpp */ = {isa = PBXFileReference; fileEncoding = 4; lastKnownFileType = sourcecode.cpp.cpp; path = LFNoise.cpp; sourceTree = "<group>"; };
		A813A62D183D7079002B3DA6 /* LFNoise.h */ = {isa = PBXFileReference; fileEncoding = 4; lastKnownFileType = sourcecode.c.h; path = LFNoise.h; sourceTree = "<group>"; };
		A813A62E183D7079002B3DA6 /* Mixer.cpp */ = {isa = PBXFileReference; fileEncoding = 4; lastKnownFileType = sourcecode.cpp.cpp; path = Mixer.cpp; sourceTree = "<group>"; };
		A813A62F183D7079002B3DA6 /* Mixer.h */ = {isa = PBXFileReference; fileEncoding = 4; lastKnownFileType = sourcecode.c.h; path = Mixer.h; sourceTree = "<group>"; };
		A813A630183D7079002B3DA6 /* MonoToStereoPanner.cpp */ = {isa = PBXFileReference; fileEncoding = 4; lastKnownFileType = sourcecode.cpp.cpp; path = MonoToStereoPanner.cpp; sourceTree = "<group>"; };
		A813A631183D7079002B3DA6 /* MonoToStereoPanner.h */ = {isa = PBXFileReference; fileEncoding = 4; lastKnownFileType = sourcecode.c.h; path = MonoToStereoPanner.h; sourceTree = "<group>"; };
		A813A632183D7079002B3DA6 /* Noise.cpp */ = {isa = PBXFileReference; fileEncoding = 4; lastKnownFileType = sourcecode.cpp.cpp; path = Noise.cpp; sourceTree = "<group>"; };
		A813A633183D7079002B3DA6 /* Noise.h */ = {isa = PBXFileReference; fileEncoding = 4; lastKnownFileType = sourcecode.c.h; path = Noise.h; sourceTree = "<group>"; };
		A813A634183D7079002B3DA6 /* RampedValue.cpp */ = {isa = PBXFileReference; fileEncoding = 4; lastKnownFileType = sourcecode.cpp.cpp; path = RampedValue.cpp; sourceTree = "<group>"; };
		A813A635183D7079002B3DA6 /* RampedValue.h */ = {isa = PBXFileReference; fileEncoding = 4; lastKnownFileType = sourcecode.c.h; path = RampedValue.h; sourceTree = "<group>"; };
		A813A636183D7079002B3DA6 /* RectWave.cpp */ = {isa = PBXFileReference; fileEncoding = 4; lastKnownFileType = sourcecode.cpp.cpp; path = RectWave.cpp; sourceTree = "<group>"; };
		A813A637183D7079002B3DA6 /* RectWave.h */ = {isa = PBXFileReference; fileEncoding = 4; lastKnownFileType = sourcecode.c.h; path = RectWave.h; sourceTree = "<group>"; };
		A813A638183D7079002B3DA6 /* Reverb.cpp */ = {isa = PBXFileReference; fileEncoding = 4; lastKnownFileType = sourcecode.cpp.cpp; path = Reverb.cpp; sourceTree = "<group>"; };
		A813A639183D7079002B3DA6 /* Reverb.h */ = {isa = PBXFileReference; fileEncoding = 4; lastKnownFileType = sourcecode.c.h; path = Reverb.h; sourceTree = "<group>"; };
		A813A63A183D7079002B3DA6 /* RingBuffer.cpp */ = {isa = PBXFileReference; fileEncoding = 4; lastKnownFileType = sourcecode.cpp.cpp; path = RingBuffer.cpp; sourceTree = "<group>"; };
		A813A63B183D7079002B3DA6 /* RingBuffer.h */ = {isa = PBXFileReference; fileEncoding = 4; lastKnownFileType = sourcecode.c.h; path = RingBuffer.h; sourceTree = "<group>"; };
		A813A63C183D7079002B3DA6 /* SampleTable.cpp */ = {isa = PBXFileReference; fileEncoding = 4; lastKnownFileType = sourcecode.cpp.cpp; path = SampleTable.cpp; sourceTree = "<group>"; };
		A813A63D183D7079002B3DA6 /* SampleTable.h */ = {isa = PBXFileReference; fileEncoding = 4; lastKnownFileType = sourcecode.c.h; path = SampleTable.h; sourceTree = "<group>"; };
		A813A63E183D7079002B3DA6 /* SawtoothWave.cpp */ = {isa = PBXFileReference; fileEncoding = 4; lastKnownFileType = sourcecode.cpp.cpp; path = SawtoothWave.cpp; sourceTree = "<group>"; };
		A813A63F183D7079002B3DA6 /* SawtoothWave.h */ = {isa = PBXFileReference; fileEncoding = 4; lastKnownFileType = sourcecode.c.h; path = SawtoothWave.h; sourceTree = "<group>"; };
		A813A640183D7079002B3DA6 /* SineWave.cpp */ = {isa = PBXFileReference; fileEncoding = 4; lastKnownFileType = sourcecode.cpp.cpp; path = SineWave.cpp; sourceTree = "<group>"; };
		A813A641183D7079002B3DA6 /* SineWave.h */ = {isa = PBXFileReference; fileEncoding = 4; lastKnownFileType = sourcecode.c.h; path = SineWave.h; sourceTree = "<group>"; };
		A813A642183D7079002B3DA6 /* SquareWave.h */ = {isa = PBXFileReference; fileEncoding = 4; lastKnownFileType = sourcecode.c.h; path = SquareWave.h; sourceTree = "<group>"; };
		A813A643183D7079002B3DA6 /* StereoDelay.cpp */ = {isa = PBXFileReference; fileEncoding = 4; lastKnownFileType = sourcecode.cpp.cpp; path = StereoDelay.cpp; sourceTree = "<group>"; };
		A813A644183D7079002B3DA6 /* StereoDelay.h */ = {isa = PBXFileReference; fileEncoding = 4; lastKnownFileType = sourcecode.c.h; path = StereoDelay.h; sourceTree = "<group>"; };
		A813A645183D7079002B3DA6 /* Synth.cpp */ = {isa = PBXFileReference; fileEncoding = 4; lastKnownFileType = sourcecode.cpp.cpp; path = Synth.cpp; sourceTree = "<group>"; };
		A813A646183D7079002B3DA6 /* Synth.h */ = {isa = PBXFileReference; fileEncoding = 4; lastKnownFileType = sourcecode.c.h; path = Synth.h; sourceTree = "<group>"; };
		A813A647183D7079002B3DA6 /* TableLookupOsc.cpp */ = {isa = PBXFileReference; fileEncoding = 4; lastKnownFileType = sourcecode.cpp.cpp; path = TableLookupOsc.cpp; sourceTree = "<group>"; };
		A813A648183D7079002B3DA6 /* TableLookupOsc.h */ = {isa = PBXFileReference; fileEncoding = 4; lastKnownFileType = sourcecode.c.h; path = TableLookupOsc.h; sourceTree = "<group>"; };
		A813A649183D7079002B3DA6 /* TonicCore.h */ = {isa = PBXFileReference; fileEncoding = 4; lastKnownFileType = sourcecode.c.h; path = TonicCore.h; sourceTree = "<group>"; };
		A813A64A183D7079002B3DA6 /* TonicFrames.cpp */ = {isa = PBXFileReference; fileEncoding = 4; lastKnownFileType = sourcecode.cpp.cpp; path = TonicFrames.cpp; sourceTree = "<group>"; };
		A813A64B183D7079002B3DA6 /* TonicFrames.h */ = {isa = PBXFileReference; fileEncoding = 4; lastKnownFileType = sourcecode.c.h; path = TonicFrames.h; sourceTree = "<group>"; };
		A813A64C183D7079002B3DA6 /* TriangleWave.h */ = {isa = PBXFileReference; fileEncoding = 4; lastKnownFileType = sourcecode.c.h; path = TriangleWave.h; sourceTree = "<group>"; };
		A813A64D183D7079002B3DA6 /* Tonic.h */ = {isa = PBXFileReference; fileEncoding = 4; lastKnownFileType = sourcecode.c.h; path = Tonic.h; sourceTree = "<group>"; };
		A813A684183D82C9002B3DA6 /* PolySynth.cpp */ = {isa = PBXFileReference; fileEncoding = 4; lastKnownFileType = sourcecode.cpp.cpp; path = PolySynth.cpp; sourceTree = "<group>"; };
		A813A685183D82C9002B3DA6 /* PolySynth.h */ = {isa = PBXFileReference; fileEncoding = 4; lastKnownFileType = sourcecode.c.h; path = PolySynth.h; sourceTree = "<group>"; };
		E4328143138ABC890047C5CB /* openFrameworksLib.xcodeproj */ = {isa = PBXFileReference; lastKnownFileType = "wrapper.pb-project"; name = openFrameworksLib.xcodeproj; path = ../../../openFrameworks/libs/openFrameworksCompiled/project/osx/openFrameworksLib.xcodeproj; sourceTree = SOURCE_ROOT; };
		E45BE9710E8CC7DD009D7055 /* AGL.framework */ = {isa = PBXFileReference; lastKnownFileType = wrapper.framework; name = AGL.framework; path = /System/Library/Frameworks/AGL.framework; sourceTree = "<absolute>"; };
		E45BE9720E8CC7DD009D7055 /* ApplicationServices.framework */ = {isa = PBXFileReference; lastKnownFileType = wrapper.framework; name = ApplicationServices.framework; path = /System/Library/Frameworks/ApplicationServices.framework; sourceTree = "<absolute>"; };
		E45BE9730E8CC7DD009D7055 /* AudioToolbox.framework */ = {isa = PBXFileReference; lastKnownFileType = wrapper.framework; name = AudioToolbox.framework; path = /System/Library/Frameworks/AudioToolbox.framework; sourceTree = "<absolute>"; };
		E45BE9740E8CC7DD009D7055 /* Carbon.framework */ = {isa = PBXFileReference; lastKnownFileType = wrapper.framework; name = Carbon.framework; path = /System/Library/Frameworks/Carbon.framework; sourceTree = "<absolute>"; };
		E45BE9750E8CC7DD009D7055 /* CoreAudio.framework */ = {isa = PBXFileReference; lastKnownFileType = wrapper.framework; name = CoreAudio.framework; path = /System/Library/Frameworks/CoreAudio.framework; sourceTree = "<absolute>"; };
		E45BE9760E8CC7DD009D7055 /* CoreFoundation.framework */ = {isa = PBXFileReference; lastKnownFileType = wrapper.framework; name = CoreFoundation.framework; path = /System/Library/Frameworks/CoreFoundation.framework; sourceTree = "<absolute>"; };
		E45BE9770E8CC7DD009D7055 /* CoreServices.framework */ = {isa = PBXFileReference; lastKnownFileType = wrapper.framework; name = CoreServices.framework; path = /System/Library/Frameworks/CoreServices.framework; sourceTree = "<absolute>"; };
		E45BE9790E8CC7DD009D7055 /* OpenGL.framework */ = {isa = PBXFileReference; lastKnownFileType = wrapper.framework; name = OpenGL.framework; path = /System/Library/Frameworks/OpenGL.framework; sourceTree = "<absolute>"; };
		E45BE97A0E8CC7DD009D7055 /* QuickTime.framework */ = {isa = PBXFileReference; lastKnownFileType = wrapper.framework; name = QuickTime.framework; path = /System/Library/Frameworks/QuickTime.framework; sourceTree = "<absolute>"; };
		E4B69B5B0A3A1756003C02F2 /* timeLineTriggerDebug.app */ = {isa = PBXFileReference; explicitFileType = wrapper.application; includeInIndex = 0; path = timeLineTriggerDebug.app; sourceTree = BUILT_PRODUCTS_DIR; };
		E4B69E1D0A3A1BDC003C02F2 /* main.cpp */ = {isa = PBXFileReference; fileEncoding = 30; lastKnownFileType = sourcecode.cpp.cpp; name = main.cpp; path = src/main.cpp; sourceTree = SOURCE_ROOT; };
		E4B69E1E0A3A1BDC003C02F2 /* testApp.cpp */ = {isa = PBXFileReference; explicitFileType = sourcecode.cpp.cpp; fileEncoding = 30; name = testApp.cpp; path = src/testApp.cpp; sourceTree = SOURCE_ROOT; };
		E4B69E1F0A3A1BDC003C02F2 /* testApp.h */ = {isa = PBXFileReference; fileEncoding = 30; lastKnownFileType = sourcecode.c.h; name = testApp.h; path = src/testApp.h; sourceTree = SOURCE_ROOT; };
		E4B6FCAD0C3E899E008CF71C /* openFrameworks-Info.plist */ = {isa = PBXFileReference; fileEncoding = 30; lastKnownFileType = text.plist.xml; path = "openFrameworks-Info.plist"; sourceTree = "<group>"; };
		E4C2424410CC5A17004149E2 /* AppKit.framework */ = {isa = PBXFileReference; lastKnownFileType = wrapper.framework; name = AppKit.framework; path = /System/Library/Frameworks/AppKit.framework; sourceTree = "<absolute>"; };
		E4C2424510CC5A17004149E2 /* Cocoa.framework */ = {isa = PBXFileReference; lastKnownFileType = wrapper.framework; name = Cocoa.framework; path = /System/Library/Frameworks/Cocoa.framework; sourceTree = "<absolute>"; };
		E4C2424610CC5A17004149E2 /* IOKit.framework */ = {isa = PBXFileReference; lastKnownFileType = wrapper.framework; name = IOKit.framework; path = /System/Library/Frameworks/IOKit.framework; sourceTree = "<absolute>"; };
		E4EB691F138AFCF100A09F29 /* CoreOF.xcconfig */ = {isa = PBXFileReference; fileEncoding = 4; lastKnownFileType = text.xcconfig; name = CoreOF.xcconfig; path = ../../../openFrameworks/libs/openFrameworksCompiled/project/osx/CoreOF.xcconfig; sourceTree = "<group>"; };
		E4EB6923138AFD0F00A09F29 /* Project.xcconfig */ = {isa = PBXFileReference; fileEncoding = 4; lastKnownFileType = text.xcconfig; path = Project.xcconfig; sourceTree = "<group>"; };
		E7E077E415D3B63C0020DFD4 /* CoreVideo.framework */ = {isa = PBXFileReference; lastKnownFileType = wrapper.framework; name = CoreVideo.framework; path = /System/Library/Frameworks/CoreVideo.framework; sourceTree = "<absolute>"; };
		E7E077E715D3B6510020DFD4 /* QTKit.framework */ = {isa = PBXFileReference; lastKnownFileType = wrapper.framework; name = QTKit.framework; path = /System/Library/Frameworks/QTKit.framework; sourceTree = "<absolute>"; };
		E7F985F515E0DE99003869B5 /* Accelerate.framework */ = {isa = PBXFileReference; lastKnownFileType = wrapper.framework; name = Accelerate.framework; path = /System/Library/Frameworks/Accelerate.framework; sourceTree = "<absolute>"; };
		b6b1881c95c600c095c833a8 /* midiEventHolder.cpp */ = {isa = PBXFileReference; explicitFileType = sourcecode.cpp.cpp; fileEncoding = 30; name = midiEventHolder.cpp; path = src/midiEventHolder.cpp; sourceTree = SOURCE_ROOT; };
		c427b42bb65b6aa017739432 /* drawMidiNotes.h */ = {isa = PBXFileReference; explicitFileType = sourcecode.c.h; fileEncoding = 30; name = drawMidiNotes.h; path = src/drawMidiNotes.h; sourceTree = SOURCE_ROOT; };
		e3c1086a36300a3c345bedc1 /* DynamicVector.h */ = {isa = PBXFileReference; explicitFileType = sourcecode.c.h; fileEncoding = 30; name = DynamicVector.h; path = src/DynamicVector.h; sourceTree = SOURCE_ROOT; };
		f2d4af3dc3f12eb1f38eb600 /* midiEventHolder.h */ = {isa = PBXFileReference; explicitFileType = sourcecode.c.h; fileEncoding = 30; name = midiEventHolder.h; path = src/midiEventHolder.h; sourceTree = SOURCE_ROOT; };
/* End PBXFileReference section */

/* Begin PBXFrameworksBuildPhase section */
		E4B69B590A3A1756003C02F2 /* Frameworks */ = {
			isa = PBXFrameworksBuildPhase;
			buildActionMask = 2147483647;
			files = (
				84356784182C0C4E00BDF087 /* openFrameworksDebug.a in Frameworks */,
				E7F985F815E0DEA3003869B5 /* Accelerate.framework in Frameworks */,
				E7E077E815D3B6510020DFD4 /* QTKit.framework in Frameworks */,
				E45BE97B0E8CC7DD009D7055 /* AGL.framework in Frameworks */,
				E45BE97C0E8CC7DD009D7055 /* ApplicationServices.framework in Frameworks */,
				E45BE97D0E8CC7DD009D7055 /* AudioToolbox.framework in Frameworks */,
				84356783182C0C3D00BDF087 /* GLUT.framework in Frameworks */,
				E45BE97E0E8CC7DD009D7055 /* Carbon.framework in Frameworks */,
				E45BE97F0E8CC7DD009D7055 /* CoreAudio.framework in Frameworks */,
				E45BE9800E8CC7DD009D7055 /* CoreFoundation.framework in Frameworks */,
				E45BE9810E8CC7DD009D7055 /* CoreServices.framework in Frameworks */,
				E45BE9830E8CC7DD009D7055 /* OpenGL.framework in Frameworks */,
				E45BE9840E8CC7DD009D7055 /* QuickTime.framework in Frameworks */,
				E4C2424710CC5A17004149E2 /* AppKit.framework in Frameworks */,
				E4C2424810CC5A17004149E2 /* Cocoa.framework in Frameworks */,
				E4C2424910CC5A17004149E2 /* IOKit.framework in Frameworks */,
				E7E077E515D3B63C0020DFD4 /* CoreVideo.framework in Frameworks */,
			);
			runOnlyForDeploymentPostprocessing = 0;
		};
/* End PBXFrameworksBuildPhase section */

/* Begin PBXGroup section */
		8421E91E182BD2F80014914B /* midiFileReader */ = {
			isa = PBXGroup;
			children = (
				8421E91F182BD2F80014914B /* MIDIComposition.h */,
				8421E920182BD2F80014914B /* MIDIEvent.h */,
				8421E921182BD2F80014914B /* MIDIFileReader.cpp */,
				8421E922182BD2F80014914B /* MIDIFileReader.h */,
			);
			path = midiFileReader;
			sourceTree = "<group>";
		};
		8435677B182C0C0500BDF087 /* Products */ = {
			isa = PBXGroup;
			children = (
				8435677F182C0C0500BDF087 /* openFrameworksDebug.a */,
			);
			name = Products;
			sourceTree = "<group>";
		};
		84B7D31C183B922F0004897E /* ofxGui */ = {
			isa = PBXGroup;
			children = (
				84B7D31D183B922F0004897E /* src */,
			);
			name = ofxGui;
			path = ../../../openFrameworks/addons/ofxGui;
			sourceTree = "<group>";
		};
		84B7D31D183B922F0004897E /* src */ = {
			isa = PBXGroup;
			children = (
				84B7D31E183B922F0004897E /* ofxBaseGui.cpp */,
				84B7D31F183B922F0004897E /* ofxBaseGui.h */,
				84B7D320183B922F0004897E /* ofxButton.cpp */,
				84B7D321183B922F0004897E /* ofxButton.h */,
				84B7D322183B922F0004897E /* ofxGui.h */,
				84B7D323183B922F0004897E /* ofxGuiGroup.cpp */,
				84B7D324183B922F0004897E /* ofxGuiGroup.h */,
				84B7D325183B922F0004897E /* ofxLabel.cpp */,
				84B7D326183B922F0004897E /* ofxLabel.h */,
				84B7D327183B922F0004897E /* ofxPanel.cpp */,
				84B7D328183B922F0004897E /* ofxPanel.h */,
				84B7D329183B922F0004897E /* ofxSlider.cpp */,
				84B7D32A183B922F0004897E /* ofxSlider.h */,
				84B7D32B183B922F0004897E /* ofxSliderGroup.cpp */,
				84B7D32C183B922F0004897E /* ofxSliderGroup.h */,
				84B7D32D183B922F0004897E /* ofxToggle.cpp */,
				84B7D32E183B922F0004897E /* ofxToggle.h */,
			);
			path = src;
			sourceTree = "<group>";
		};
		A813A5DF183D7078002B3DA6 /* ofxTonic */ = {
			isa = PBXGroup;
			children = (
				A813A5E0183D7078002B3DA6 /* .gitignore */,
				A813A5E1183D7078002B3DA6 /* src */,
			);
			name = ofxTonic;
			path = ../../../openFrameworks/addons/ofxTonic;
			sourceTree = "<group>";
		};
		A813A5E1183D7078002B3DA6 /* src */ = {
			isa = PBXGroup;
			children = (
				A813A5E2183D7078002B3DA6 /* ofxTonic.h */,
				A813A5E3183D7078002B3DA6 /* ofxTonicSynth.cpp */,
				A813A5E4183D7078002B3DA6 /* ofxTonicSynth.h */,
				A813A5E5183D7078002B3DA6 /* Tonic */,
				A813A64D183D7079002B3DA6 /* Tonic.h */,
			);
			path = src;
			sourceTree = "<group>";
		};
		A813A5E5183D7078002B3DA6 /* Tonic */ = {
			isa = PBXGroup;
			children = (
				A813A684183D82C9002B3DA6 /* PolySynth.cpp */,
				A813A685183D82C9002B3DA6 /* PolySynth.h */,
				A813A5E6183D7078002B3DA6 /* ADSR.cpp */,
				A813A5E7183D7078002B3DA6 /* ADSR.h */,
				A813A5E8183D7078002B3DA6 /* Arithmetic.cpp */,
				A813A5E9183D7078002B3DA6 /* Arithmetic.h */,
				A813A5EA183D7078002B3DA6 /* BasicDelay.cpp */,
				A813A5EB183D7078002B3DA6 /* BasicDelay.h */,
				A813A5EC183D7078002B3DA6 /* BufferFiller.cpp */,
				A813A5ED183D7078002B3DA6 /* BufferFiller.h */,
				A813A5EE183D7078002B3DA6 /* CombFilter.cpp */,
				A813A5EF183D7078002B3DA6 /* CombFilter.h */,
				A813A5F0183D7078002B3DA6 /* CompressorLimiter.cpp */,
				A813A5F1183D7078002B3DA6 /* CompressorLimiter.h */,
				A813A5F2183D7078002B3DA6 /* ControlArithmetic.cpp */,
				A813A5F3183D7078002B3DA6 /* ControlArithmetic.h */,
				A813A5F4183D7078002B3DA6 /* ControlChangeNotifier.cpp */,
				A813A5F5183D7078002B3DA6 /* ControlChangeNotifier.h */,
				A813A5F6183D7078002B3DA6 /* ControlComparison.cpp */,
				A813A5F7183D7078002B3DA6 /* ControlComparison.h */,
				A813A5F8183D7078002B3DA6 /* ControlConditioner.cpp */,
				A813A5F9183D7078002B3DA6 /* ControlConditioner.h */,
				A813A5FA183D7079002B3DA6 /* ControlCounter.cpp */,
				A813A5FB183D7079002B3DA6 /* ControlCounter.h */,
				A813A5FC183D7079002B3DA6 /* ControlDbToLinear.cpp */,
				A813A5FD183D7079002B3DA6 /* ControlDbToLinear.h */,
				A813A5FE183D7079002B3DA6 /* ControlDelay.cpp */,
				A813A5FF183D7079002B3DA6 /* ControlDelay.h */,
				A813A600183D7079002B3DA6 /* ControlFloor.cpp */,
				A813A601183D7079002B3DA6 /* ControlFloor.h */,
				A813A602183D7079002B3DA6 /* ControlGenerator.cpp */,
				A813A603183D7079002B3DA6 /* ControlGenerator.h */,
				A813A604183D7079002B3DA6 /* ControlMetro.cpp */,
				A813A605183D7079002B3DA6 /* ControlMetro.h */,
				A813A606183D7079002B3DA6 /* ControlMetroDivider.cpp */,
				A813A607183D7079002B3DA6 /* ControlMetroDivider.h */,
				A813A608183D7079002B3DA6 /* ControlMidiToFreq.cpp */,
				A813A609183D7079002B3DA6 /* ControlMidiToFreq.h */,
				A813A60A183D7079002B3DA6 /* ControlParameter.cpp */,
				A813A60B183D7079002B3DA6 /* ControlParameter.h */,
				A813A60C183D7079002B3DA6 /* ControlPrinter.cpp */,
				A813A60D183D7079002B3DA6 /* ControlPrinter.h */,
				A813A60E183D7079002B3DA6 /* ControlPulse.cpp */,
				A813A60F183D7079002B3DA6 /* ControlPulse.h */,
				A813A610183D7079002B3DA6 /* ControlRandom.cpp */,
				A813A611183D7079002B3DA6 /* ControlRandom.h */,
				A813A612183D7079002B3DA6 /* ControlRecorder.cpp */,
				A813A613183D7079002B3DA6 /* ControlRecorder.h */,
				A813A614183D7079002B3DA6 /* ControlSnapToScale.cpp */,
				A813A615183D7079002B3DA6 /* ControlSnapToScale.h */,
				A813A616183D7079002B3DA6 /* ControlStepper.cpp */,
				A813A617183D7079002B3DA6 /* ControlStepper.h */,
				A813A618183D7079002B3DA6 /* ControlSwitcher.cpp */,
				A813A619183D7079002B3DA6 /* ControlSwitcher.h */,
				A813A61A183D7079002B3DA6 /* ControlTrigger.cpp */,
				A813A61B183D7079002B3DA6 /* ControlTrigger.h */,
				A813A61C183D7079002B3DA6 /* ControlValue.cpp */,
				A813A61D183D7079002B3DA6 /* ControlValue.h */,
				A813A61E183D7079002B3DA6 /* ControlXYSpeed.cpp */,
				A813A61F183D7079002B3DA6 /* ControlXYSpeed.h */,
				A813A620183D7079002B3DA6 /* DelayUtils.cpp */,
				A813A621183D7079002B3DA6 /* DelayUtils.h */,
				A813A622183D7079002B3DA6 /* Effect.cpp */,
				A813A623183D7079002B3DA6 /* Effect.h */,
				A813A624183D7079002B3DA6 /* Filters.cpp */,
				A813A625183D7079002B3DA6 /* Filters.h */,
				A813A626183D7079002B3DA6 /* FilterUtils.cpp */,
				A813A627183D7079002B3DA6 /* FilterUtils.h */,
				A813A628183D7079002B3DA6 /* FixedValue.cpp */,
				A813A629183D7079002B3DA6 /* FixedValue.h */,
				A813A62A183D7079002B3DA6 /* Generator.cpp */,
				A813A62B183D7079002B3DA6 /* Generator.h */,
				A813A62C183D7079002B3DA6 /* LFNoise.cpp */,
				A813A62D183D7079002B3DA6 /* LFNoise.h */,
				A813A62E183D7079002B3DA6 /* Mixer.cpp */,
				A813A62F183D7079002B3DA6 /* Mixer.h */,
				A813A630183D7079002B3DA6 /* MonoToStereoPanner.cpp */,
				A813A631183D7079002B3DA6 /* MonoToStereoPanner.h */,
				A813A632183D7079002B3DA6 /* Noise.cpp */,
				A813A633183D7079002B3DA6 /* Noise.h */,
				A813A634183D7079002B3DA6 /* RampedValue.cpp */,
				A813A635183D7079002B3DA6 /* RampedValue.h */,
				A813A636183D7079002B3DA6 /* RectWave.cpp */,
				A813A637183D7079002B3DA6 /* RectWave.h */,
				A813A638183D7079002B3DA6 /* Reverb.cpp */,
				A813A639183D7079002B3DA6 /* Reverb.h */,
				A813A63A183D7079002B3DA6 /* RingBuffer.cpp */,
				A813A63B183D7079002B3DA6 /* RingBuffer.h */,
				A813A63C183D7079002B3DA6 /* SampleTable.cpp */,
				A813A63D183D7079002B3DA6 /* SampleTable.h */,
				A813A63E183D7079002B3DA6 /* SawtoothWave.cpp */,
				A813A63F183D7079002B3DA6 /* SawtoothWave.h */,
				A813A640183D7079002B3DA6 /* SineWave.cpp */,
				A813A641183D7079002B3DA6 /* SineWave.h */,
				A813A642183D7079002B3DA6 /* SquareWave.h */,
				A813A643183D7079002B3DA6 /* StereoDelay.cpp */,
				A813A644183D7079002B3DA6 /* StereoDelay.h */,
				A813A645183D7079002B3DA6 /* Synth.cpp */,
				A813A646183D7079002B3DA6 /* Synth.h */,
				A813A647183D7079002B3DA6 /* TableLookupOsc.cpp */,
				A813A648183D7079002B3DA6 /* TableLookupOsc.h */,
				A813A649183D7079002B3DA6 /* TonicCore.h */,
				A813A64A183D7079002B3DA6 /* TonicFrames.cpp */,
				A813A64B183D7079002B3DA6 /* TonicFrames.h */,
				A813A64C183D7079002B3DA6 /* TriangleWave.h */,
			);
			path = Tonic;
			sourceTree = "<group>";
		};
		BB4B014C10F69532006C3DED /* addons */ = {
			isa = PBXGroup;
			children = (
				A813A5DF183D7078002B3DA6 /* ofxTonic */,
				84B7D31C183B922F0004897E /* ofxGui */,
			);
			name = addons;
			sourceTree = "<group>";
		};
		BBAB23C913894ECA00AA2426 /* system frameworks */ = {
			isa = PBXGroup;
			children = (
				E7F985F515E0DE99003869B5 /* Accelerate.framework */,
				E4C2424410CC5A17004149E2 /* AppKit.framework */,
				E4C2424510CC5A17004149E2 /* Cocoa.framework */,
				E4C2424610CC5A17004149E2 /* IOKit.framework */,
				E45BE9710E8CC7DD009D7055 /* AGL.framework */,
				E45BE9720E8CC7DD009D7055 /* ApplicationServices.framework */,
				E45BE9730E8CC7DD009D7055 /* AudioToolbox.framework */,
				E45BE9740E8CC7DD009D7055 /* Carbon.framework */,
				E45BE9750E8CC7DD009D7055 /* CoreAudio.framework */,
				E45BE9760E8CC7DD009D7055 /* CoreFoundation.framework */,
				E45BE9770E8CC7DD009D7055 /* CoreServices.framework */,
				E45BE9790E8CC7DD009D7055 /* OpenGL.framework */,
				E45BE97A0E8CC7DD009D7055 /* QuickTime.framework */,
				E7E077E415D3B63C0020DFD4 /* CoreVideo.framework */,
				E7E077E715D3B6510020DFD4 /* QTKit.framework */,
			);
			name = "system frameworks";
			sourceTree = "<group>";
		};
		BBAB23CA13894EDB00AA2426 /* 3rd party frameworks */ = {
			isa = PBXGroup;
			children = (
				84356780182C0C2800BDF087 /* GLUT.framework */,
			);
			name = "3rd party frameworks";
			sourceTree = "<group>";
		};
		E45BE5980E8CC70C009D7055 /* frameworks */ = {
			isa = PBXGroup;
			children = (
				BBAB23CA13894EDB00AA2426 /* 3rd party frameworks */,
				BBAB23C913894ECA00AA2426 /* system frameworks */,
			);
			name = frameworks;
			sourceTree = "<group>";
		};
		E4B69B4A0A3A1720003C02F2 = {
			isa = PBXGroup;
			children = (
				E4B6FCAD0C3E899E008CF71C /* openFrameworks-Info.plist */,
				E4EB6923138AFD0F00A09F29 /* Project.xcconfig */,
				E4B69E1C0A3A1BDC003C02F2 /* src */,
				8421E91E182BD2F80014914B /* midiFileReader */,
				E4EEC9E9138DF44700A80321 /* openFrameworks */,
				BB4B014C10F69532006C3DED /* addons */,
				E45BE5980E8CC70C009D7055 /* frameworks */,
				E4B69B5B0A3A1756003C02F2 /* timeLineTriggerDebug.app */,
			);
			sourceTree = "<group>";
		};
		E4B69E1C0A3A1BDC003C02F2 /* src */ = {
			isa = PBXGroup;
			children = (
				E4B69E1D0A3A1BDC003C02F2 /* main.cpp */,
				E4B69E1E0A3A1BDC003C02F2 /* testApp.cpp */,
				E4B69E1F0A3A1BDC003C02F2 /* testApp.h */,
				A813A5DB183D49B7002B3DA6 /* NoteBlock.cpp */,
				A813A5DC183D49B7002B3DA6 /* NoteBlock.h */,
				26b24989cefa066c732ef343 /* drawMidiNotes.cpp */,
				c427b42bb65b6aa017739432 /* drawMidiNotes.h */,
				23231d5b9bfa976ec334f601 /* DynamicVector.cpp */,
				e3c1086a36300a3c345bedc1 /* DynamicVector.h */,
				b6b1881c95c600c095c833a8 /* midiEventHolder.cpp */,
				f2d4af3dc3f12eb1f38eb600 /* midiEventHolder.h */,
			);
			path = src;
			sourceTree = SOURCE_ROOT;
		};
		E4EEC9E9138DF44700A80321 /* openFrameworks */ = {
			isa = PBXGroup;
			children = (
				E4EB691F138AFCF100A09F29 /* CoreOF.xcconfig */,
				E4328143138ABC890047C5CB /* openFrameworksLib.xcodeproj */,
			);
			name = openFrameworks;
			sourceTree = "<group>";
		};
/* End PBXGroup section */

/* Begin PBXNativeTarget section */
		E4B69B5A0A3A1756003C02F2 /* timeLineTrigger */ = {
			isa = PBXNativeTarget;
			buildConfigurationList = E4B69B5F0A3A1757003C02F2 /* Build configuration list for PBXNativeTarget "timeLineTrigger" */;
			buildPhases = (
				E4B69B580A3A1756003C02F2 /* Sources */,
				E4B69B590A3A1756003C02F2 /* Frameworks */,
				E4B6FFFD0C3F9AB9008CF71C /* ShellScript */,
				E4C2427710CC5ABF004149E2 /* CopyFiles */,
			);
			buildRules = (
			);
			dependencies = (
			);
			name = timeLineTrigger;
			productName = myOFApp;
			productReference = E4B69B5B0A3A1756003C02F2 /* timeLineTriggerDebug.app */;
			productType = "com.apple.product-type.application";
		};
/* End PBXNativeTarget section */

/* Begin PBXProject section */
		E4B69B4C0A3A1720003C02F2 /* Project object */ = {
			isa = PBXProject;
			attributes = {
				LastUpgradeCheck = 0460;
			};
			buildConfigurationList = E4B69B4D0A3A1720003C02F2 /* Build configuration list for PBXProject "timeLineTrigger" */;
			compatibilityVersion = "Xcode 3.2";
			developmentRegion = English;
			hasScannedForEncodings = 0;
			knownRegions = (
				English,
				Japanese,
				French,
				German,
			);
			mainGroup = E4B69B4A0A3A1720003C02F2;
			productRefGroup = E4B69B4A0A3A1720003C02F2;
			projectDirPath = "";
			projectReferences = (
				{
					ProductGroup = 8435677B182C0C0500BDF087 /* Products */;
					ProjectRef = E4328143138ABC890047C5CB /* openFrameworksLib.xcodeproj */;
				},
			);
			projectRoot = "";
			targets = (
				E4B69B5A0A3A1756003C02F2 /* timeLineTrigger */,
			);
		};
/* End PBXProject section */

/* Begin PBXReferenceProxy section */
		8435677F182C0C0500BDF087 /* openFrameworksDebug.a */ = {
			isa = PBXReferenceProxy;
			fileType = archive.ar;
			path = openFrameworksDebug.a;
			remoteRef = 8435677E182C0C0500BDF087 /* PBXContainerItemProxy */;
			sourceTree = BUILT_PRODUCTS_DIR;
		};
/* End PBXReferenceProxy section */

/* Begin PBXShellScriptBuildPhase section */
		E4B6FFFD0C3F9AB9008CF71C /* ShellScript */ = {
			isa = PBXShellScriptBuildPhase;
			buildActionMask = 2147483647;
			files = (
			);
			inputPaths = (
			);
			outputPaths = (
			);
			runOnlyForDeploymentPostprocessing = 0;
			shellPath = /bin/sh;
			shellScript = "cp -f ../../../openFrameworks/libs/fmodex/lib/osx/libfmodex.dylib \"$TARGET_BUILD_DIR/$PRODUCT_NAME.app/Contents/MacOS/libfmodex.dylib\"; install_name_tool -change ./libfmodex.dylib @executable_path/libfmodex.dylib \"$TARGET_BUILD_DIR/$PRODUCT_NAME.app/Contents/MacOS/$PRODUCT_NAME\";\nmkdir -p \"$TARGET_BUILD_DIR/$PRODUCT_NAME.app/Contents/Resources/\"\ncp -f \"$ICON_FILE\" \"$TARGET_BUILD_DIR/$PRODUCT_NAME.app/Contents/Resources/\"\n";
		};
/* End PBXShellScriptBuildPhase section */

/* Begin PBXSourcesBuildPhase section */
		E4B69B580A3A1756003C02F2 /* Sources */ = {
			isa = PBXSourcesBuildPhase;
			buildActionMask = 2147483647;
			files = (
				A813A65C183D7079002B3DA6 /* ControlFloor.cpp in Sources */,
				E4B69E200A3A1BDC003C02F2 /* main.cpp in Sources */,
				A813A64F183D7079002B3DA6 /* ADSR.cpp in Sources */,
				A813A666183D7079002B3DA6 /* ControlSnapToScale.cpp in Sources */,
				A813A670183D7079002B3DA6 /* FixedValue.cpp in Sources */,
				A813A651183D7079002B3DA6 /* BasicDelay.cpp in Sources */,
				A813A663183D7079002B3DA6 /* ControlPulse.cpp in Sources */,
				84B7D336183B922F0004897E /* ofxToggle.cpp in Sources */,
				A813A672183D7079002B3DA6 /* LFNoise.cpp in Sources */,
				A813A656183D7079002B3DA6 /* ControlChangeNotifier.cpp in Sources */,
				A813A669183D7079002B3DA6 /* ControlTrigger.cpp in Sources */,
				A813A65F183D7079002B3DA6 /* ControlMetroDivider.cpp in Sources */,
				A813A674183D7079002B3DA6 /* MonoToStereoPanner.cpp in Sources */,
				A813A679183D7079002B3DA6 /* RingBuffer.cpp in Sources */,
				A813A658183D7079002B3DA6 /* ControlConditioner.cpp in Sources */,
				A813A5DD183D49B7002B3DA6 /* NoteBlock.cpp in Sources */,
				A813A676183D7079002B3DA6 /* RampedValue.cpp in Sources */,
				A813A673183D7079002B3DA6 /* Mixer.cpp in Sources */,
				84B7D335183B922F0004897E /* ofxSliderGroup.cpp in Sources */,
				A813A664183D7079002B3DA6 /* ControlRandom.cpp in Sources */,
				A813A66C183D7079002B3DA6 /* DelayUtils.cpp in Sources */,
				A813A660183D7079002B3DA6 /* ControlMidiToFreq.cpp in Sources */,
				A813A67C183D7079002B3DA6 /* SineWave.cpp in Sources */,
				A813A653183D7079002B3DA6 /* CombFilter.cpp in Sources */,
				A813A675183D7079002B3DA6 /* Noise.cpp in Sources */,
				A813A677183D7079002B3DA6 /* RectWave.cpp in Sources */,
				A813A671183D7079002B3DA6 /* Generator.cpp in Sources */,
				A813A655183D7079002B3DA6 /* ControlArithmetic.cpp in Sources */,
				A813A66E183D7079002B3DA6 /* Filters.cpp in Sources */,
				84B7D333183B922F0004897E /* ofxPanel.cpp in Sources */,
				A813A65B183D7079002B3DA6 /* ControlDelay.cpp in Sources */,
				A813A67D183D7079002B3DA6 /* StereoDelay.cpp in Sources */,
				A813A662183D7079002B3DA6 /* ControlPrinter.cpp in Sources */,
				A813A686183D82C9002B3DA6 /* PolySynth.cpp in Sources */,
				A813A678183D7079002B3DA6 /* Reverb.cpp in Sources */,
				A813A650183D7079002B3DA6 /* Arithmetic.cpp in Sources */,
				8421E923182BD2F80014914B /* MIDIFileReader.cpp in Sources */,
				E4B69E210A3A1BDC003C02F2 /* testApp.cpp in Sources */,
				84B7D32F183B922F0004897E /* ofxBaseGui.cpp in Sources */,
				77f2ed14c3d2ce9f41a2d6d1 /* drawMidiNotes.cpp in Sources */,
				A813A67A183D7079002B3DA6 /* SampleTable.cpp in Sources */,
				A813A65E183D7079002B3DA6 /* ControlMetro.cpp in Sources */,
				84B7D334183B922F0004897E /* ofxSlider.cpp in Sources */,
				A813A659183D7079002B3DA6 /* ControlCounter.cpp in Sources */,
				A813A668183D7079002B3DA6 /* ControlSwitcher.cpp in Sources */,
				df276444c8b415b79aaaef84 /* DynamicVector.cpp in Sources */,
				A813A665183D7079002B3DA6 /* ControlRecorder.cpp in Sources */,
				A813A66D183D7079002B3DA6 /* Effect.cpp in Sources */,
				A813A680183D7079002B3DA6 /* TonicFrames.cpp in Sources */,
				84B7D330183B922F0004897E /* ofxButton.cpp in Sources */,
				84B7D332183B922F0004897E /* ofxLabel.cpp in Sources */,
				A813A654183D7079002B3DA6 /* CompressorLimiter.cpp in Sources */,
				A813A67B183D7079002B3DA6 /* SawtoothWave.cpp in Sources */,
				A813A67F183D7079002B3DA6 /* TableLookupOsc.cpp in Sources */,
				A813A657183D7079002B3DA6 /* ControlComparison.cpp in Sources */,
				A813A66F183D7079002B3DA6 /* FilterUtils.cpp in Sources */,
				A813A66B183D7079002B3DA6 /* ControlXYSpeed.cpp in Sources */,
				A813A66A183D7079002B3DA6 /* ControlValue.cpp in Sources */,
				A813A667183D7079002B3DA6 /* ControlStepper.cpp in Sources */,
				A813A65A183D7079002B3DA6 /* ControlDbToLinear.cpp in Sources */,
				e0991cbe1ec91b9322ac8366 /* midiEventHolder.cpp in Sources */,
				A813A652183D7079002B3DA6 /* BufferFiller.cpp in Sources */,
				A813A65D183D7079002B3DA6 /* ControlGenerator.cpp in Sources */,
				84B7D331183B922F0004897E /* ofxGuiGroup.cpp in Sources */,
				A813A67E183D7079002B3DA6 /* Synth.cpp in Sources */,
				A813A64E183D7079002B3DA6 /* ofxTonicSynth.cpp in Sources */,
				A813A661183D7079002B3DA6 /* ControlParameter.cpp in Sources */,
			);
			runOnlyForDeploymentPostprocessing = 0;
		};
/* End PBXSourcesBuildPhase section */

/* Begin XCBuildConfiguration section */
		E4B69B4E0A3A1720003C02F2 /* Debug */ = {
			isa = XCBuildConfiguration;
			baseConfigurationReference = E4EB6923138AFD0F00A09F29 /* Project.xcconfig */;
			buildSettings = {
				ARCHS = "$(NATIVE_ARCH)";
				CONFIGURATION_BUILD_DIR = "$(SRCROOT)/bin/";
				COPY_PHASE_STRIP = NO;
				DEAD_CODE_STRIPPING = YES;
				GCC_AUTO_VECTORIZATION = YES;
				GCC_ENABLE_SSE3_EXTENSIONS = YES;
				GCC_ENABLE_SUPPLEMENTAL_SSE3_INSTRUCTIONS = YES;
				GCC_INLINES_ARE_PRIVATE_EXTERN = NO;
				GCC_OPTIMIZATION_LEVEL = 0;
				GCC_SYMBOLS_PRIVATE_EXTERN = NO;
				GCC_WARN_ABOUT_DEPRECATED_FUNCTIONS = YES;
				GCC_WARN_ABOUT_INVALID_OFFSETOF_MACRO = NO;
				GCC_WARN_ALLOW_INCOMPLETE_PROTOCOL = NO;
				GCC_WARN_UNINITIALIZED_AUTOS = NO;
				GCC_WARN_UNUSED_VALUE = NO;
				GCC_WARN_UNUSED_VARIABLE = NO;
				HEADER_SEARCH_PATHS = (
					"$(OF_CORE_HEADERS)",
					src,
				);
				MACOSX_DEPLOYMENT_TARGET = 10.6;
				OTHER_CPLUSPLUSFLAGS = (
					"-D__MACOSX_CORE__",
					"-lpthread",
					"-mtune=native",
				);
				SDKROOT = macosx;
			};
			name = Debug;
		};
		E4B69B4F0A3A1720003C02F2 /* Release */ = {
			isa = XCBuildConfiguration;
			baseConfigurationReference = E4EB6923138AFD0F00A09F29 /* Project.xcconfig */;
			buildSettings = {
				ARCHS = "$(NATIVE_ARCH)";
				CONFIGURATION_BUILD_DIR = "$(SRCROOT)/bin/";
				COPY_PHASE_STRIP = YES;
				DEAD_CODE_STRIPPING = YES;
				GCC_AUTO_VECTORIZATION = YES;
				GCC_ENABLE_SSE3_EXTENSIONS = YES;
				GCC_ENABLE_SUPPLEMENTAL_SSE3_INSTRUCTIONS = YES;
				GCC_INLINES_ARE_PRIVATE_EXTERN = NO;
				GCC_OPTIMIZATION_LEVEL = 3;
				GCC_SYMBOLS_PRIVATE_EXTERN = NO;
				GCC_UNROLL_LOOPS = YES;
				GCC_WARN_ABOUT_DEPRECATED_FUNCTIONS = YES;
				GCC_WARN_ABOUT_INVALID_OFFSETOF_MACRO = NO;
				GCC_WARN_ALLOW_INCOMPLETE_PROTOCOL = NO;
				GCC_WARN_UNINITIALIZED_AUTOS = NO;
				GCC_WARN_UNUSED_VALUE = NO;
				GCC_WARN_UNUSED_VARIABLE = NO;
				HEADER_SEARCH_PATHS = (
					"$(OF_CORE_HEADERS)",
					src,
				);
				MACOSX_DEPLOYMENT_TARGET = 10.6;
				OTHER_CPLUSPLUSFLAGS = (
					"-D__MACOSX_CORE__",
					"-lpthread",
					"-mtune=native",
				);
				SDKROOT = macosx;
			};
			name = Release;
		};
		E4B69B600A3A1757003C02F2 /* Debug */ = {
			isa = XCBuildConfiguration;
			buildSettings = {
				COMBINE_HIDPI_IMAGES = YES;
				COPY_PHASE_STRIP = NO;
				FRAMEWORK_SEARCH_PATHS = (
					"$(inherited)",
					"$(FRAMEWORK_SEARCH_PATHS_QUOTED_FOR_TARGET_1)",
					/Volumes/Pleiades/openFrameworks/libs/glut/lib/osx,
				);
				FRAMEWORK_SEARCH_PATHS_QUOTED_FOR_TARGET_1 = "\"$(SRCROOT)/../../../libs/glut/lib/osx\"";
				GCC_DYNAMIC_NO_PIC = NO;
				GCC_GENERATE_DEBUGGING_SYMBOLS = YES;
				GCC_MODEL_TUNING = NONE;
				ICON = "$(ICON_NAME_DEBUG)";
				ICON_FILE = "$(ICON_FILE_PATH)$(ICON)";
				INFOPLIST_FILE = "openFrameworks-Info.plist";
				INSTALL_PATH = "$(HOME)/Applications";
				LIBRARY_SEARCH_PATHS = (
					"$(inherited)",
					"$(LIBRARY_SEARCH_PATHS_QUOTED_FOR_TARGET_1)",
					"$(LIBRARY_SEARCH_PATHS_QUOTED_FOR_TARGET_2)",
					"$(LIBRARY_SEARCH_PATHS_QUOTED_FOR_TARGET_3)",
					"$(LIBRARY_SEARCH_PATHS_QUOTED_FOR_TARGET_4)",
					"$(LIBRARY_SEARCH_PATHS_QUOTED_FOR_TARGET_5)",
					"$(LIBRARY_SEARCH_PATHS_QUOTED_FOR_TARGET_6)",
					"$(LIBRARY_SEARCH_PATHS_QUOTED_FOR_TARGET_7)",
					"$(LIBRARY_SEARCH_PATHS_QUOTED_FOR_TARGET_8)",
					"$(LIBRARY_SEARCH_PATHS_QUOTED_FOR_TARGET_9)",
					"$(LIBRARY_SEARCH_PATHS_QUOTED_FOR_TARGET_10)",
					"$(LIBRARY_SEARCH_PATHS_QUOTED_FOR_TARGET_11)",
					"$(LIBRARY_SEARCH_PATHS_QUOTED_FOR_TARGET_12)",
					"$(LIBRARY_SEARCH_PATHS_QUOTED_FOR_TARGET_13)",
					"$(LIBRARY_SEARCH_PATHS_QUOTED_FOR_TARGET_14)",
					"$(LIBRARY_SEARCH_PATHS_QUOTED_FOR_TARGET_15)",
					"$(LIBRARY_SEARCH_PATHS_QUOTED_FOR_TARGET_2)",
					"$(LIBRARY_SEARCH_PATHS_QUOTED_FOR_TARGET_3)",
					"$(LIBRARY_SEARCH_PATHS_QUOTED_FOR_TARGET_7)",
					"$(LIBRARY_SEARCH_PATHS_QUOTED_FOR_TARGET_8)",
					"$(LIBRARY_SEARCH_PATHS_QUOTED_FOR_TARGET_9)",
					"$(LIBRARY_SEARCH_PATHS_QUOTED_FOR_TARGET_10)",
					"$(LIBRARY_SEARCH_PATHS_QUOTED_FOR_TARGET_11)",
					"$(LIBRARY_SEARCH_PATHS_QUOTED_FOR_TARGET_12)",
					"$(LIBRARY_SEARCH_PATHS_QUOTED_FOR_TARGET_13)",
					"$(LIBRARY_SEARCH_PATHS_QUOTED_FOR_TARGET_16)",
					"$(LIBRARY_SEARCH_PATHS_QUOTED_FOR_TARGET_17)",
					"$(LIBRARY_SEARCH_PATHS_QUOTED_FOR_TARGET_18)",
					"$(LIBRARY_SEARCH_PATHS_QUOTED_FOR_TARGET_19)",
					"$(LIBRARY_SEARCH_PATHS_QUOTED_FOR_TARGET_20)",
					"$(LIBRARY_SEARCH_PATHS_QUOTED_FOR_TARGET_21)",
					"$(LIBRARY_SEARCH_PATHS_QUOTED_FOR_TARGET_22)",
					"$(LIBRARY_SEARCH_PATHS_QUOTED_FOR_TARGET_23)",
					"$(LIBRARY_SEARCH_PATHS_QUOTED_FOR_TARGET_24)",
					"$(LIBRARY_SEARCH_PATHS_QUOTED_FOR_TARGET_25)",
					"$(LIBRARY_SEARCH_PATHS_QUOTED_FOR_TARGET_26)",
					"$(LIBRARY_SEARCH_PATHS_QUOTED_FOR_TARGET_27)",
					"$(LIBRARY_SEARCH_PATHS_QUOTED_FOR_TARGET_28)",
					"$(LIBRARY_SEARCH_PATHS_QUOTED_FOR_TARGET_29)",
					"$(LIBRARY_SEARCH_PATHS_QUOTED_FOR_TARGET_30)",
					"$(LIBRARY_SEARCH_PATHS_QUOTED_FOR_TARGET_31)",
					"$(LIBRARY_SEARCH_PATHS_QUOTED_FOR_TARGET_32)",
					"$(LIBRARY_SEARCH_PATHS_QUOTED_FOR_TARGET_33)",
					"$(LIBRARY_SEARCH_PATHS_QUOTED_FOR_TARGET_34)",
					"$(LIBRARY_SEARCH_PATHS_QUOTED_FOR_TARGET_35)",
					"$(LIBRARY_SEARCH_PATHS_QUOTED_FOR_TARGET_36)",
					"$(LIBRARY_SEARCH_PATHS_QUOTED_FOR_TARGET_37)",
					"$(LIBRARY_SEARCH_PATHS_QUOTED_FOR_TARGET_38)",
					"$(LIBRARY_SEARCH_PATHS_QUOTED_FOR_TARGET_39)",
					"$(LIBRARY_SEARCH_PATHS_QUOTED_FOR_TARGET_40)",
					"$(LIBRARY_SEARCH_PATHS_QUOTED_FOR_TARGET_41)",
					"$(LIBRARY_SEARCH_PATHS_QUOTED_FOR_TARGET_42)",
					"$(LIBRARY_SEARCH_PATHS_QUOTED_FOR_TARGET_43)",
					"$(LIBRARY_SEARCH_PATHS_QUOTED_FOR_TARGET_44)",
					"$(LIBRARY_SEARCH_PATHS_QUOTED_FOR_TARGET_45)",
					"$(LIBRARY_SEARCH_PATHS_QUOTED_FOR_TARGET_46)",
					"$(LIBRARY_SEARCH_PATHS_QUOTED_FOR_TARGET_47)",
					"$(LIBRARY_SEARCH_PATHS_QUOTED_FOR_TARGET_48)",
					"$(LIBRARY_SEARCH_PATHS_QUOTED_FOR_TARGET_49)",
					"$(LIBRARY_SEARCH_PATHS_QUOTED_FOR_TARGET_50)",
					"$(LIBRARY_SEARCH_PATHS_QUOTED_FOR_TARGET_51)",
					"$(LIBRARY_SEARCH_PATHS_QUOTED_FOR_TARGET_52)",
					/Volumes/Pleiades/openFrameworks/addons/ofxFft/libs/fftw/lib,
				);
				PRODUCT_NAME = timeLineTriggerDebug;
				WRAPPER_EXTENSION = app;
			};
			name = Debug;
		};
		E4B69B610A3A1757003C02F2 /* Release */ = {
			isa = XCBuildConfiguration;
			buildSettings = {
				COMBINE_HIDPI_IMAGES = YES;
				COPY_PHASE_STRIP = YES;
				FRAMEWORK_SEARCH_PATHS = (
					"$(inherited)",
					"$(FRAMEWORK_SEARCH_PATHS_QUOTED_FOR_TARGET_1)",
					/Volumes/Pleiades/openFrameworks/libs/glut/lib/osx,
				);
				FRAMEWORK_SEARCH_PATHS_QUOTED_FOR_TARGET_1 = "\"$(SRCROOT)/../../../libs/glut/lib/osx\"";
				GCC_GENERATE_DEBUGGING_SYMBOLS = YES;
				GCC_MODEL_TUNING = NONE;
				ICON = "$(ICON_NAME_RELEASE)";
				ICON_FILE = "$(ICON_FILE_PATH)$(ICON)";
				INFOPLIST_FILE = "openFrameworks-Info.plist";
				INSTALL_PATH = "$(HOME)/Applications";
				LIBRARY_SEARCH_PATHS = (
					"$(inherited)",
					"$(LIBRARY_SEARCH_PATHS_QUOTED_FOR_TARGET_1)",
					"$(LIBRARY_SEARCH_PATHS_QUOTED_FOR_TARGET_2)",
					"$(LIBRARY_SEARCH_PATHS_QUOTED_FOR_TARGET_3)",
					"$(LIBRARY_SEARCH_PATHS_QUOTED_FOR_TARGET_4)",
					"$(LIBRARY_SEARCH_PATHS_QUOTED_FOR_TARGET_5)",
					"$(LIBRARY_SEARCH_PATHS_QUOTED_FOR_TARGET_6)",
					"$(LIBRARY_SEARCH_PATHS_QUOTED_FOR_TARGET_7)",
					"$(LIBRARY_SEARCH_PATHS_QUOTED_FOR_TARGET_8)",
					"$(LIBRARY_SEARCH_PATHS_QUOTED_FOR_TARGET_9)",
					"$(LIBRARY_SEARCH_PATHS_QUOTED_FOR_TARGET_10)",
					"$(LIBRARY_SEARCH_PATHS_QUOTED_FOR_TARGET_11)",
					"$(LIBRARY_SEARCH_PATHS_QUOTED_FOR_TARGET_12)",
					"$(LIBRARY_SEARCH_PATHS_QUOTED_FOR_TARGET_13)",
					"$(LIBRARY_SEARCH_PATHS_QUOTED_FOR_TARGET_14)",
					"$(LIBRARY_SEARCH_PATHS_QUOTED_FOR_TARGET_15)",
					"$(LIBRARY_SEARCH_PATHS_QUOTED_FOR_TARGET_2)",
					"$(LIBRARY_SEARCH_PATHS_QUOTED_1)",
					"$(LIBRARY_SEARCH_PATHS_QUOTED_FOR_TARGET_3)",
					"$(LIBRARY_SEARCH_PATHS_QUOTED_FOR_TARGET_7)",
					"$(LIBRARY_SEARCH_PATHS_QUOTED_FOR_TARGET_8)",
					"$(LIBRARY_SEARCH_PATHS_QUOTED_FOR_TARGET_9)",
					"$(LIBRARY_SEARCH_PATHS_QUOTED_FOR_TARGET_10)",
					"$(LIBRARY_SEARCH_PATHS_QUOTED_FOR_TARGET_11)",
					"$(LIBRARY_SEARCH_PATHS_QUOTED_FOR_TARGET_12)",
					"$(LIBRARY_SEARCH_PATHS_QUOTED_FOR_TARGET_13)",
					"$(LIBRARY_SEARCH_PATHS_QUOTED_FOR_TARGET_16)",
					"$(LIBRARY_SEARCH_PATHS_QUOTED_FOR_TARGET_17)",
					"$(LIBRARY_SEARCH_PATHS_QUOTED_FOR_TARGET_18)",
					"$(LIBRARY_SEARCH_PATHS_QUOTED_FOR_TARGET_19)",
					"$(LIBRARY_SEARCH_PATHS_QUOTED_FOR_TARGET_20)",
					"$(LIBRARY_SEARCH_PATHS_QUOTED_FOR_TARGET_21)",
					"$(LIBRARY_SEARCH_PATHS_QUOTED_FOR_TARGET_22)",
					"$(LIBRARY_SEARCH_PATHS_QUOTED_FOR_TARGET_23)",
					"$(LIBRARY_SEARCH_PATHS_QUOTED_FOR_TARGET_24)",
					"$(LIBRARY_SEARCH_PATHS_QUOTED_FOR_TARGET_25)",
					"$(LIBRARY_SEARCH_PATHS_QUOTED_FOR_TARGET_26)",
					"$(LIBRARY_SEARCH_PATHS_QUOTED_FOR_TARGET_27)",
					"$(LIBRARY_SEARCH_PATHS_QUOTED_FOR_TARGET_28)",
					"$(LIBRARY_SEARCH_PATHS_QUOTED_FOR_TARGET_29)",
					"$(LIBRARY_SEARCH_PATHS_QUOTED_FOR_TARGET_30)",
					"$(LIBRARY_SEARCH_PATHS_QUOTED_FOR_TARGET_31)",
					"$(LIBRARY_SEARCH_PATHS_QUOTED_FOR_TARGET_32)",
					"$(LIBRARY_SEARCH_PATHS_QUOTED_FOR_TARGET_33)",
					"$(LIBRARY_SEARCH_PATHS_QUOTED_FOR_TARGET_34)",
					"$(LIBRARY_SEARCH_PATHS_QUOTED_FOR_TARGET_35)",
					"$(LIBRARY_SEARCH_PATHS_QUOTED_FOR_TARGET_36)",
					"$(LIBRARY_SEARCH_PATHS_QUOTED_FOR_TARGET_37)",
					"$(LIBRARY_SEARCH_PATHS_QUOTED_FOR_TARGET_38)",
					"$(LIBRARY_SEARCH_PATHS_QUOTED_FOR_TARGET_39)",
					"$(LIBRARY_SEARCH_PATHS_QUOTED_FOR_TARGET_40)",
					"$(LIBRARY_SEARCH_PATHS_QUOTED_FOR_TARGET_41)",
					"$(LIBRARY_SEARCH_PATHS_QUOTED_FOR_TARGET_42)",
					"$(LIBRARY_SEARCH_PATHS_QUOTED_FOR_TARGET_43)",
					"$(LIBRARY_SEARCH_PATHS_QUOTED_FOR_TARGET_44)",
					"$(LIBRARY_SEARCH_PATHS_QUOTED_FOR_TARGET_45)",
					"$(LIBRARY_SEARCH_PATHS_QUOTED_FOR_TARGET_46)",
					"$(LIBRARY_SEARCH_PATHS_QUOTED_FOR_TARGET_47)",
					"$(LIBRARY_SEARCH_PATHS_QUOTED_FOR_TARGET_48)",
					"$(LIBRARY_SEARCH_PATHS_QUOTED_FOR_TARGET_49)",
					"$(LIBRARY_SEARCH_PATHS_QUOTED_FOR_TARGET_50)",
					"$(LIBRARY_SEARCH_PATHS_QUOTED_FOR_TARGET_51)",
					/Volumes/Pleiades/openFrameworks/addons/ofxFft/libs/fftw/lib,
				);
				PRODUCT_NAME = timeLineTrigger;
				WRAPPER_EXTENSION = app;
			};
			name = Release;
		};
/* End XCBuildConfiguration section */

/* Begin XCConfigurationList section */
		E4B69B4D0A3A1720003C02F2 /* Build configuration list for PBXProject "timeLineTrigger" */ = {
			isa = XCConfigurationList;
			buildConfigurations = (
				E4B69B4E0A3A1720003C02F2 /* Debug */,
				E4B69B4F0A3A1720003C02F2 /* Release */,
			);
			defaultConfigurationIsVisible = 0;
			defaultConfigurationName = Release;
		};
		E4B69B5F0A3A1757003C02F2 /* Build configuration list for PBXNativeTarget "timeLineTrigger" */ = {
			isa = XCConfigurationList;
			buildConfigurations = (
				E4B69B600A3A1757003C02F2 /* Debug */,
				E4B69B610A3A1757003C02F2 /* Release */,
			);
			defaultConfigurationIsVisible = 0;
			defaultConfigurationName = Release;
		};
/* End XCConfigurationList section */
	};
	rootObject = E4B69B4C0A3A1720003C02F2 /* Project object */;
}
